{
  "version": 4,
  "terraform_version": "1.3.7",
  "serial": 61,
  "lineage": "7168e5fd-dfe4-dcfb-5b46-7c20c02dcd7f",
  "outputs": {
    "cluster_client_certificate": {
      "value": "LS0tLS1CRUdJTiBDRVJUSUZJQ0FURS0tLS0tCk1JSUZIVENDQXdXZ0F3SUJBZ0lRR2NNbVV3UUlyRVlXS0phSEtXSEJ1akFOQmdrcWhraUc5dzBCQVFzRkFEQU4KTVFzd0NRWURWUVFERXdKallUQWVGdzB5TXpBeU1UY3hOVE0yTVRKYUZ3MHlOVEF5TVRjeE5UUTJNVEphTURBeApGekFWQmdOVkJBb1REbk41YzNSbGJUcHRZWE4wWlhKek1SVXdFd1lEVlFRREV3eHRZWE4wWlhKamJHbGxiblF3CmdnSWlNQTBHQ1NxR1NJYjNEUUVCQVFVQUE0SUNEd0F3Z2dJS0FvSUNBUURRY01LSVJBcnlxWnJxd1VCc3puQ2oKZlNVREhoVGk5MHNBbDdJRVFEY0FsOTZCVjRyV2NrL3NlVlZKMlRMQ01CLzNDTjcvcnJuOXpZb0RWM09wcWhnRwozTFQwejlaKzUxK01VQS9KMXlpVmJMVzdvVGRqbHRpTE00TGcwelNmeVI0VXBvK3M3VjNHMnFYR1E5V1ZpZjA3CmI2aGc1TkEvdk5FK1dHSDZXM21sZG1zb3lTeis4RDY2QVB5YzVKRG82UnFjTnNhVWlSaWpWT29GS0QvUm83R2EKQWl6UGhXYkRCb2NTamRHU01waGVVYi9YVGd1c2pBeVVpY2lnRmpRS2hkTTZBU3EvODlOaUJwM1g2THpPNktYUwp6NlNxYlc4ejBNVzhjemgzMlVvRVZkMlRVa0pNSzJkbkRpK25jUVJxU2lrd3l0S1h0WTU3NjZOUm9KYXVmV0hqCk5jUnJsSG45WGJWWm1GUzhzaFJSelU0MzVuSXBuMDhEVHRWNDdOT3NTV2xoYW01SWFVMVpINktHeXZJWWZoZGEKVTZWb251dlNWWlZ5S0hBb09YMDNoMDEzNnVBaXF0MzlsaGhyemxYbVBjUllCU3NEWjNzNjVqTXhzR2FHbU5FagpNVGZPL2M1MVg3T29yMU55aXNZd1BCMndtWE82WmhPUTNUZXYvYjJoWU1nWXZtOFZPd3F2bnFkTmtGckpjZXB5CkdDem5LMmhPeTZURTM0QkFsQ21YVnBPVjdmdUZCREF1Uk1NaEE2cHllNlFTYzhSS1pUUTVIUTF2NktpNmo3UUgKL0d4WkRKSVNUZElkRlRUdFFSY0JBSVZJZDV4bGE4Z0xJcHhaM25PdGhGS3U4QXhpckhpOGIwNkkvQ1ozL0NOSQoveU10OVB0S1Fabms4eDM2NzBkMjl3SURBUUFCbzFZd1ZEQU9CZ05WSFE4QkFmOEVCQU1DQmFBd0V3WURWUjBsCkJBd3dDZ1lJS3dZQkJRVUhBd0l3REFZRFZSMFRBUUgvQkFJd0FEQWZCZ05WSFNNRUdEQVdnQlROUEoxQmRvOE0KZGNCT1dsUk82cXVvQ3NleG9EQU5CZ2txaGtpRzl3MEJBUXNGQUFPQ0FnRUFydnVrNVJBYTMydlhrZlZEbDVmRQppbW5DZzYvQXJzSmlCNnB5RXBlOFVrMUxNaGVsMVhGRmlUUDU1czY3N3V4azR4Ri96Z3k4WVVWWGZsaTVjNDBsCnJhN2R0N2JlSG96ZHJRQ2Q4QTl1amFndXBEOVFMVWwrWHpwYkdjSDQ4SkU3UVlVNW95VjRhZjNoWjdjUzlER3AKN09mS2d4V1oyS29iK2FSQVpwNTZGK1NneEI5cDM1VDErVUJpSEdBcWpqaHJPV2JqWG5LZkw0S2huaEtDNk91dwpOQmswK3YwYmF6aW9rUU1JM0ZOMld3em56dlRpdEJFaWFucldlb3FlOENDTlBHUkk0NC9ZL29sdlY1Ym03bHZSCnovMlU5ZU9vYmtjU04rS2laSlJwaHZOdEZTb3FxYjcxZm5ORnlLL2FjUE92NVJmRUppaU5mSC9CMlZRYTc3d3YKbmpGZ3RJcTNxQjdtQk5sQWFDbDd0U3JVWTJlYWNldGVPa1pHWXRYOTlvRHBwdXBkQSs0YTRRRzloa1hMUUNLdwpJTFgrYTg0NGo4Qm1MSEhqNGx2QVkzOEVJb3RTc0FObDVQOU45RWtBYm51UzhabUlxWTFXRnVkaDRzUkUzM0RPCmV6YnhockFuRml5UDRWYVhadU03RW1oYm1BamlMZVY3UHdaK2hCOGJ6NWl6YWRXUDNtdG13R2ZpbFUxeHU1V00KYy9xdE1Yak5CcU90eDNTRkhlcWR0bWNuRmpxdzZKMmpIbmZjQUVWVS93elA1ZU9rRHNsRHc5MW54MVZxblRhZwpkRTV6Rlc3YlJBbTRTanE4TlQ0QzB3U0ZUcEZ5bmZHTkJCV0hCVmU4bkVYbWlrcXVLNWhMMk9TT09FeE55RGZlClc4L0ZjdlpXVTJzcWl6SlJsQWlpeiswPQotLS0tLUVORCBDRVJUSUZJQ0FURS0tLS0tCg==",
      "type": "string",
      "sensitive": true
    },
    "cluster_client_key": {
      "value": "LS0tLS1CRUdJTiBSU0EgUFJJVkFURSBLRVktLS0tLQpNSUlKS0FJQkFBS0NBZ0VBMEhEQ2lFUUs4cW1hNnNGQWJNNXdvMzBsQXg0VTR2ZExBSmV5QkVBM0FKZmVnVmVLCjFuSlA3SGxWU2RreXdqQWY5d2plLzY2NS9jMktBMWR6cWFvWUJ0eTA5TS9XZnVkZmpGQVB5ZGNvbFd5MXU2RTMKWTViWWl6T0M0Tk0wbjhrZUZLYVByTzFkeHRxbHhrUFZsWW45TzIrb1lPVFFQN3pSUGxoaCtsdDVwWFpyS01rcwovdkErdWdEOG5PU1E2T2thbkRiR2xJa1lvMVRxQlNnLzBhT3htZ0lzejRWbXd3YUhFbzNSa2pLWVhsRy8xMDRMCnJJd01sSW5Jb0JZMENvWFRPZ0Vxdi9QVFlnYWQxK2k4enVpbDBzK2txbTF2TTlERnZITTRkOWxLQkZYZGsxSkMKVEN0blp3NHZwM0VFYWtvcE1NclNsN1dPZSt1alVhQ1dybjFoNHpYRWE1UjUvVjIxV1poVXZMSVVVYzFPTitaeQpLWjlQQTA3VmVPelRyRWxwWVdwdVNHbE5XUitpaHNyeUdINFhXbE9sYUo3cjBsV1ZjaWh3S0RsOU40ZE5kK3JnCklxcmQvWllZYTg1VjVqM0VXQVVyQTJkN091WXpNYkJtaHBqUkl6RTN6djNPZFYrenFLOVRjb3JHTUR3ZHNKbHoKdW1ZVGtOMDNyLzI5b1dESUdMNXZGVHNLcjU2blRaQmF5WEhxY2hnczV5dG9Uc3VreE4rQVFKUXBsMWFUbGUzNwpoUVF3TGtURElRT3FjbnVrRW5QRVNtVTBPUjBOYitpb3VvKzBCL3hzV1F5U0VrM1NIUlUwN1VFWEFRQ0ZTSGVjClpXdklDeUtjV2Q1enJZUlNydkFNWXF4NHZHOU9pUHdtZC93alNQOGpMZlQ3U2tHWjVQTWQrdTlIZHZjQ0F3RUEKQVFLQ0FnQlFhbkJpcWYyZlNSZmZZZGM5SXhnSnV3cEFmYWFKT2ViUnY3U0tOMHdCQ3BacFNDRGtRdzNhcWFUaAo3TTNNWlV5dnZkaHF4RG8xVk1yZUp5c1VWZThYRnFjcG05V2crQnJBdzFLVUNGSTc4OGpaTG9WMEFvcGdpZXNBCldmdC9lZFFGRzQxcXBkajhFdmJKMnZuWHkzakxLWFRJalA1YTJMblJWNy9WR3QxL25JUVRKQ29iNFF3U0xyZEcKd0ZlM3c5YmtWYTJmT0pVc3ptSEt3NUI3aksvRVB2cVN4V0N6OVJ5L1o3OW1xK1prM1IwcUw0NEpiNjZhejkxNwpCWlhtU1dNSWlkSzRZNVUxeUYrMUlMRlhFaUtIaGx4ODgrTm5GakJ6Vi9COUxIT0Y0S3F2WDVqOFVmSitxOVp1CnZ3ZDVDa3VCNjMzNzBhdTYyMW9TNytXeVErVXpWUmpKQWRGMnBWQjVxTjcvRVVtTVpYYzV5ZmtZWTM0N29RcGwKZlJLeGV4ZzZOb2R4R0R5K2JsSzBKMkxpaWdBb3hEU2ZZaXovWFFYMExoa2dnMzNRSVp3ZWs0UmhvSGNOclB2eQpmMHBKSkswTHUzZHJKYWdYWjhxbVdzZTFHSUtaUmZCSnYzS1p3cVdrK3kzMEt6YTJIc2RHVnZwUG9aZ1lTT2FICnl0MVdja0RPNlhjSis1dTZjNGZPTVFrZ215N21udFBORlBZRXR0Qm9URDNCTWppL0NrTVRsMUZMbHE1ZXJlY2oKR1haSU1ISlRjZlBhTWgzSmNNenA5RHRpNUMwdzdGM0wvYkd3Umx0MFN6VUQ2djNBayt1M0RMVnQvTlFUNzhYSwpmTmJPWG15d0Nqd255c3FvOGlDWDZTMnJqWGZ1UVBoeHgvUnlxQXhOQm45Z2lTOUlBUUtDQVFFQTVjdG9ET2hZClpVV01kd3ZpNjBPZlBvbWEwdjREMjhLU3VRckNDNmdVTlBlWW1zUEM3R0FrRmp5d0p5SVpZWHBSYjcvWmxiN28KaUt0c25NYVVVTjdCZmY4VHk1Zmt1ajNRV0hNTk5CbXBadEV5Smprc0poYXR4MElBdzlvTkxzakNXTzZiTFRSYwp0ODRGS3JwVDJnSkNIcTNjRnd4QzMzVGora2ZJU1RMc0RWWVFTcWowb1UxZ3AzS3BDMk85c01GNWtrZmdFKy9ZCjhnYkpZQUtSVGJ0VVFCcjJ6bTkxZlFlRkVIMFl6WXFJZERYMzJjV1p6SjBjanllUzRweEFnWTl2YmdId2tZMGQKZDhiazA1QWNUYk0vNTBwMGFPSEpCRGlXdyt4SEN4eFhUdWYwQVdTRmU0bmgxbzh6YmtzSnNUSmI2QmNaUTFBMApHT2V5Vk11aEdBazdBUUtDQVFFQTZEWHg0ci91WG1KSTRsZFBUZlVNbzdYV3NmdFA5WFZkSEswMGIwaGRHQWdiClhOVUNlVmdQT0IrTHhsNWY4Q2hkNzdWb2tyV1Z2aDVMZlFkWllVa0NrN0VneGtZZjF3WFpzR2dFZFJiRlZidWUKVC8wU3g0bEdJQzFGY1doNG1odjJVeHM4K0hOSkFBZm55dUJUU2I2eE1DSTRqOWZ6QXRYNnJUOEk4UW1LY05EQQpJd212MG13TGRiUmNxZjBsRUZlbUlQRyszMk1qODJkNmY4dE85Mitxc2xWOVNCUWNhRHpRN280SDRhQzZTdUNqCmgybWJyWndqVlFNZDd2TkJFNGRTMXhYaGxKa3FpZDNBZ3Y5WHAwWDl3Q0NEaWhZOEoyTTRqWkczV2FBMFFkd2wKUVdVajM4bHZRNDk3citiTnpONitsa1ZIaEhLa3kyOXhaODRCeWN5Sjl3S0NBUUVBeW5MYnBwT0VYU1JhemY3UQoya2huSVdlRjJXRWs4UldJd2pGeUoyYmE5cGMwQVJWNncxa29NZGNoc2poZWQveVZob2hWSDVKanR4U2Z5YmRCCnI4V3dYbHE5aTk2MENraXZKMTJsUWtOaGRVM1Vpc3hQMHZhai95cHRGaDhqQWhhbzhrUzB2YXltQ3VFY3VEb1QKNmJ1WG1RTy9KU2NPTzJQMS9lZ0Qwa2xrb1pNekl6T2E0Z2tUb0RKcUw3aWR3LzJRSjRuZkpuRm1oa1BvWWdlaApFQVI4QTBZK0xqMFFHeWptMkZIOTZnZWtsQTEvNElJd0w0NHpQUU8yYXFNU1NaS2VyeUpTV1VranJ3U3hVSnBqCjlTaDRva0o4TUhMSzhFY1N2R1dMYVlSOGZ1M25rTnFJcHdBZzBUQzBOUFV6QXNQRktNSkE1WWJoZnhlUml4Y2oKUTlQT0FRS0NBUUJjNEw3SUNDYXFmN3RSTk1UV2xJNGlxT2VmdHJwTG5rN0kyb3BmZkYwbjhJNHBPbFhML1NuUgpNK1R2U2U0cm02bSs2QnRVbXVheTdXRWFPQ2RLM3kzMXJ1SkNDK2hPVTl1M1VGT0FGY1NHUHczYVJvb05YMTI2Ckh3Rm9rL1d4QmtBbkMzeitqdllDMmlhZkljeU9jWVJqa1R4NFpGS2hycjZlTHRrL3Q2WTA2M24rU2JDV2hIcXMKOEtBanFjbjZXR1J0UnVRbWEzd0VyajMwQVhpclJYSEw5Sit3aGNLNitxQkMybkpTajd3VG1QZ3ZnRkV4Um9ObgpUR0RibzFaREhseEhCVXg5NkNsNGpVYWozc2ZMY3haRWszeXBiYTFQdjhMdDlQdVdFSnIyUUx4eUJLY3RxbDhqCmNhOXlNdW5iNkxmb1dQdDdBWFBpbnNlSVVvQ3FtM0lQQW9JQkFCRE53Y1oyZThZRS9pVEFoR09BOVJkam5mdjYKSk50VXZ6dE9Id0tybVVZTXg5SEY4VE05UVIxdngrSEhxaHY1dVdML0xVelJFemJRUmU4cjBYVDR2Y0dZRUsyRwp4ZlVmZUNxdFVURUVldkpDQWlPWkZXaEFzWXl5R2M2RGcvNndQZENiNGYyWWpEVTVTa0p0N09uN2tpQjJuRmJ0CmhQcGV4RWRGajRoZ3BObnlpQm5Jb1EvemRHYkt4NTYzMndiUk9VSk1sditTcXF3TDFjdWl5WVZiNkVVOGlHTjUKK0Y1MWN4NDVScE5CSDgycU9PTlB2T0V0YjU1VGw5c3dlc25rN3FVc0pHZ0cxb0EyRmZwUnpNRUh6aHRxYnU3bwpvdEgrWTUveTJZRTMvS1Zqa0llL3BpQTMvUmVOVHF6NjhSQjR4aGQ3ZXY0ZUpUNkQydkw0eWZjVDdiWT0KLS0tLS1FTkQgUlNBIFBSSVZBVEUgS0VZLS0tLS0K",
      "type": "string",
      "sensitive": true
    },
    "cluster_cluster_ca_certificate": {
      "value": "LS0tLS1CRUdJTiBDRVJUSUZJQ0FURS0tLS0tCk1JSUU2RENDQXRDZ0F3SUJBZ0lRRkhRaWptWVAxV091S1BQa0J5UHRvREFOQmdrcWhraUc5dzBCQVFzRkFEQU4KTVFzd0NRWURWUVFERXdKallUQWdGdzB5TXpBeU1UY3hOVE0yTVRKYUdBOHlNRFV6TURJeE56RTFORFl4TWxvdwpEVEVMTUFrR0ExVUVBeE1DWTJFd2dnSWlNQTBHQ1NxR1NJYjNEUUVCQVFVQUE0SUNEd0F3Z2dJS0FvSUNBUURaCjBQQTVtQ3BsR0NSenNsSEo2NTZGZE1jUGV1TkdPVFNhZ0k1WHJ4bnpkR0I4R1VKQVdVbnhBQTJkU0NBVnhibkgKOTdkZzhVMWhBWTlmd0lOazhjeGxkV0V3YmZLWUM5U3g0c1YrRlhYVWppdkFkMUk4WTlQNVZsazZaNGZ0MkpNQwpvUXNEVGdWRGZpMWxIbzMxYmdvc2RBSjE1RGUxWkdNd0EwZE1lNnBIVTYxcUJveGI3dm9NbkpzQmd6NjA5R0pGClExZ1ZNcHVnR1pYRW5mSnRWcjhDQVNHbHRJSDNwSWl6amxURXQwL1ZRQ3kvQ1hUcjh5V1ZEbDhoRnp2Z21SbEkKSXFvOS9FaWhXTkNvSGR1WWNSZFEya2YwdlZndnNwTGxhQnZOYTQyTkZxUklGT2ViTjI0emdQaUVxVHBOV0tObQpvYTczYWZKSzlSckthaDYrazlzN2x5VENVc3dGSmdBMnNLSlQzdTdoVXdzOUE4OWdtTkdneEc3N1M2c0Z3MWpNCmF1ei9zQVNRSndoeTkvUkVxS0Z3ZWY2dzh2NCtKSVRGNUg4UERRQXAzUE9GTXQ3Zy9mQkVXNFFSN1dzdWFEeXQKV1h2T1c0WkZUTFhveVlTNkhZTGhCYzNhWUJyQ05LMkFsVlRueWk5UGFzOXlENXFJU2MvOE9TK1E3MWk0RDhPUApHTGQ0TXpCTytBY1Vhb2dENUZXbVN5S2lLSFFMQlUvNTRiakJITTRiS0lTRCtvSG5YLzVXUC9lRW9tRlFKTjFJCjRxOVRCR3FrKzRXSURvWWxNNHp0bHNYbjdWcW1hTEF4Zm5uTVU0aGs5RjVEblQrTERDQmVLZ21qUzhtMVdmK08KTEtnb3AxZkZPaUxRTUlCZ3hldFhrR3VZb3hqNFN4azFwUGpTZHlabTZ3SURBUUFCbzBJd1FEQU9CZ05WSFE4QgpBZjhFQkFNQ0FxUXdEd1lEVlIwVEFRSC9CQVV3QXdFQi96QWRCZ05WSFE0RUZnUVV6VHlkUVhhUERIWEFUbHBVClR1cXJxQXJIc2FBd0RRWUpLb1pJaHZjTkFRRUxCUUFEZ2dJQkFJTEgxREkvZS9mWklyNGljbWxLS0FiYTltTGoKbTlRckRuWHphMThsUzFvL2xJbStHaVhRWkJZak4zcFF3R3FzZXVMWnk2cVFWcm1sVTlJZitxUjNHU3I1aVdtSgpkNTRGZHE0TmMwdDZITzBZb1ZJWk00cFRCUWJiTlBHZ0NzUWlBeGFROXpvUVJGZU9uUzZRNTlQNisxUDNVR0YwCmI3UEJHOXd1ejhlTXgwZFBUakEzaDNJbzl0MWVmckZhUXpxS0RCQUIxbHZzT0JITjAzdFhmdGxiakRkNUFBNHEKZWkrMHN0dkRFTVZ6TnRNVEhkTzQ4a056dm5iWVNnUmc2L0pJUytlbVQ1Q3N6ZHV3b2FpblVpNW9OVG4xSGFxZApKTENHY0RYeGJDQ3FmVG5kS2d4OGpJdmhncXIxL0d6VGs4eFpXdlRaeTlYeCt1SGhobVFBajE3QkZiRlZxZ2pnClBBcUZlOXBRTE1FTUZHazFVTXZ5MjJBSWREc25ZN1o3SGFlK1VldXpVZmZrNEIvV0VmWEJuSjRDTmVjUVZNOGIKdjljWU5Pd1hzSjhHVWxHR3JucVV2UTNORzlKSkdYSkFWYmJ2UitRblQvNkJXYlNxbVR3eHE2Ny90MVQ2NG5FRwo4WXNBNTRRZlhhM1c0dEZrUFRvOWhrb2xrRTJIQjZHWWYrTnY3dzBVcUs2ZkJ0dndMUHkrTDU0Z0JCeFcrZVN4CmZqeWNoZnQ1enk5bko0TXFLQjAxWFhYZFlBSmhrRjJVbDVUVkQxeWZZenFsWSt5QXpuUE5aOTBka0NkS09UMzYKVzhIOHo0bFI1YVNSZ1B2QS9pRElnaTY1bCtnVTBsTmRwVDZkMVdWaG42emZ2RDFOMk1uSzllTkVPeXhWeGl3WQpMVmp5bG1zL3hRWUFueEZNCi0tLS0tRU5EIENFUlRJRklDQVRFLS0tLS0K",
      "type": "string",
      "sensitive": true
    },
    "cluster_cluster_password": {
      "value": "4874ea5458bb041ad4b22735124ca71d28553b0ca5897d455eb45a19de6d8af21e9f59e62715aa5644a944021898c3db129e5613f96f4e5fc29ad5cf5189bfce",
      "type": "string",
      "sensitive": true
    },
    "cluster_cluster_username": {
      "value": "clusterUser_peerasuflixtube_peerasuflixtube",
      "type": "string",
      "sensitive": true
    },
    "cluster_host": {
      "value": "https://peerasuflixtube-debed225.hcp.southeastasia.azmk8s.io:443",
      "type": "string",
      "sensitive": true
    },
    "cluster_kube_config": {
      "value": "apiVersion: v1\nclusters:\n- cluster:\n    certificate-authority-data: LS0tLS1CRUdJTiBDRVJUSUZJQ0FURS0tLS0tCk1JSUU2RENDQXRDZ0F3SUJBZ0lRRkhRaWptWVAxV091S1BQa0J5UHRvREFOQmdrcWhraUc5dzBCQVFzRkFEQU4KTVFzd0NRWURWUVFERXdKallUQWdGdzB5TXpBeU1UY3hOVE0yTVRKYUdBOHlNRFV6TURJeE56RTFORFl4TWxvdwpEVEVMTUFrR0ExVUVBeE1DWTJFd2dnSWlNQTBHQ1NxR1NJYjNEUUVCQVFVQUE0SUNEd0F3Z2dJS0FvSUNBUURaCjBQQTVtQ3BsR0NSenNsSEo2NTZGZE1jUGV1TkdPVFNhZ0k1WHJ4bnpkR0I4R1VKQVdVbnhBQTJkU0NBVnhibkgKOTdkZzhVMWhBWTlmd0lOazhjeGxkV0V3YmZLWUM5U3g0c1YrRlhYVWppdkFkMUk4WTlQNVZsazZaNGZ0MkpNQwpvUXNEVGdWRGZpMWxIbzMxYmdvc2RBSjE1RGUxWkdNd0EwZE1lNnBIVTYxcUJveGI3dm9NbkpzQmd6NjA5R0pGClExZ1ZNcHVnR1pYRW5mSnRWcjhDQVNHbHRJSDNwSWl6amxURXQwL1ZRQ3kvQ1hUcjh5V1ZEbDhoRnp2Z21SbEkKSXFvOS9FaWhXTkNvSGR1WWNSZFEya2YwdlZndnNwTGxhQnZOYTQyTkZxUklGT2ViTjI0emdQaUVxVHBOV0tObQpvYTczYWZKSzlSckthaDYrazlzN2x5VENVc3dGSmdBMnNLSlQzdTdoVXdzOUE4OWdtTkdneEc3N1M2c0Z3MWpNCmF1ei9zQVNRSndoeTkvUkVxS0Z3ZWY2dzh2NCtKSVRGNUg4UERRQXAzUE9GTXQ3Zy9mQkVXNFFSN1dzdWFEeXQKV1h2T1c0WkZUTFhveVlTNkhZTGhCYzNhWUJyQ05LMkFsVlRueWk5UGFzOXlENXFJU2MvOE9TK1E3MWk0RDhPUApHTGQ0TXpCTytBY1Vhb2dENUZXbVN5S2lLSFFMQlUvNTRiakJITTRiS0lTRCtvSG5YLzVXUC9lRW9tRlFKTjFJCjRxOVRCR3FrKzRXSURvWWxNNHp0bHNYbjdWcW1hTEF4Zm5uTVU0aGs5RjVEblQrTERDQmVLZ21qUzhtMVdmK08KTEtnb3AxZkZPaUxRTUlCZ3hldFhrR3VZb3hqNFN4azFwUGpTZHlabTZ3SURBUUFCbzBJd1FEQU9CZ05WSFE4QgpBZjhFQkFNQ0FxUXdEd1lEVlIwVEFRSC9CQVV3QXdFQi96QWRCZ05WSFE0RUZnUVV6VHlkUVhhUERIWEFUbHBVClR1cXJxQXJIc2FBd0RRWUpLb1pJaHZjTkFRRUxCUUFEZ2dJQkFJTEgxREkvZS9mWklyNGljbWxLS0FiYTltTGoKbTlRckRuWHphMThsUzFvL2xJbStHaVhRWkJZak4zcFF3R3FzZXVMWnk2cVFWcm1sVTlJZitxUjNHU3I1aVdtSgpkNTRGZHE0TmMwdDZITzBZb1ZJWk00cFRCUWJiTlBHZ0NzUWlBeGFROXpvUVJGZU9uUzZRNTlQNisxUDNVR0YwCmI3UEJHOXd1ejhlTXgwZFBUakEzaDNJbzl0MWVmckZhUXpxS0RCQUIxbHZzT0JITjAzdFhmdGxiakRkNUFBNHEKZWkrMHN0dkRFTVZ6TnRNVEhkTzQ4a056dm5iWVNnUmc2L0pJUytlbVQ1Q3N6ZHV3b2FpblVpNW9OVG4xSGFxZApKTENHY0RYeGJDQ3FmVG5kS2d4OGpJdmhncXIxL0d6VGs4eFpXdlRaeTlYeCt1SGhobVFBajE3QkZiRlZxZ2pnClBBcUZlOXBRTE1FTUZHazFVTXZ5MjJBSWREc25ZN1o3SGFlK1VldXpVZmZrNEIvV0VmWEJuSjRDTmVjUVZNOGIKdjljWU5Pd1hzSjhHVWxHR3JucVV2UTNORzlKSkdYSkFWYmJ2UitRblQvNkJXYlNxbVR3eHE2Ny90MVQ2NG5FRwo4WXNBNTRRZlhhM1c0dEZrUFRvOWhrb2xrRTJIQjZHWWYrTnY3dzBVcUs2ZkJ0dndMUHkrTDU0Z0JCeFcrZVN4CmZqeWNoZnQ1enk5bko0TXFLQjAxWFhYZFlBSmhrRjJVbDVUVkQxeWZZenFsWSt5QXpuUE5aOTBka0NkS09UMzYKVzhIOHo0bFI1YVNSZ1B2QS9pRElnaTY1bCtnVTBsTmRwVDZkMVdWaG42emZ2RDFOMk1uSzllTkVPeXhWeGl3WQpMVmp5bG1zL3hRWUFueEZNCi0tLS0tRU5EIENFUlRJRklDQVRFLS0tLS0K\n    server: https://peerasuflixtube-debed225.hcp.southeastasia.azmk8s.io:443\n  name: peerasuflixtube\ncontexts:\n- context:\n    cluster: peerasuflixtube\n    user: clusterUser_peerasuflixtube_peerasuflixtube\n  name: peerasuflixtube\ncurrent-context: peerasuflixtube\nkind: Config\npreferences: {}\nusers:\n- name: clusterUser_peerasuflixtube_peerasuflixtube\n  user:\n    client-certificate-data: LS0tLS1CRUdJTiBDRVJUSUZJQ0FURS0tLS0tCk1JSUZIVENDQXdXZ0F3SUJBZ0lRR2NNbVV3UUlyRVlXS0phSEtXSEJ1akFOQmdrcWhraUc5dzBCQVFzRkFEQU4KTVFzd0NRWURWUVFERXdKallUQWVGdzB5TXpBeU1UY3hOVE0yTVRKYUZ3MHlOVEF5TVRjeE5UUTJNVEphTURBeApGekFWQmdOVkJBb1REbk41YzNSbGJUcHRZWE4wWlhKek1SVXdFd1lEVlFRREV3eHRZWE4wWlhKamJHbGxiblF3CmdnSWlNQTBHQ1NxR1NJYjNEUUVCQVFVQUE0SUNEd0F3Z2dJS0FvSUNBUURRY01LSVJBcnlxWnJxd1VCc3puQ2oKZlNVREhoVGk5MHNBbDdJRVFEY0FsOTZCVjRyV2NrL3NlVlZKMlRMQ01CLzNDTjcvcnJuOXpZb0RWM09wcWhnRwozTFQwejlaKzUxK01VQS9KMXlpVmJMVzdvVGRqbHRpTE00TGcwelNmeVI0VXBvK3M3VjNHMnFYR1E5V1ZpZjA3CmI2aGc1TkEvdk5FK1dHSDZXM21sZG1zb3lTeis4RDY2QVB5YzVKRG82UnFjTnNhVWlSaWpWT29GS0QvUm83R2EKQWl6UGhXYkRCb2NTamRHU01waGVVYi9YVGd1c2pBeVVpY2lnRmpRS2hkTTZBU3EvODlOaUJwM1g2THpPNktYUwp6NlNxYlc4ejBNVzhjemgzMlVvRVZkMlRVa0pNSzJkbkRpK25jUVJxU2lrd3l0S1h0WTU3NjZOUm9KYXVmV0hqCk5jUnJsSG45WGJWWm1GUzhzaFJSelU0MzVuSXBuMDhEVHRWNDdOT3NTV2xoYW01SWFVMVpINktHeXZJWWZoZGEKVTZWb251dlNWWlZ5S0hBb09YMDNoMDEzNnVBaXF0MzlsaGhyemxYbVBjUllCU3NEWjNzNjVqTXhzR2FHbU5FagpNVGZPL2M1MVg3T29yMU55aXNZd1BCMndtWE82WmhPUTNUZXYvYjJoWU1nWXZtOFZPd3F2bnFkTmtGckpjZXB5CkdDem5LMmhPeTZURTM0QkFsQ21YVnBPVjdmdUZCREF1Uk1NaEE2cHllNlFTYzhSS1pUUTVIUTF2NktpNmo3UUgKL0d4WkRKSVNUZElkRlRUdFFSY0JBSVZJZDV4bGE4Z0xJcHhaM25PdGhGS3U4QXhpckhpOGIwNkkvQ1ozL0NOSQoveU10OVB0S1Fabms4eDM2NzBkMjl3SURBUUFCbzFZd1ZEQU9CZ05WSFE4QkFmOEVCQU1DQmFBd0V3WURWUjBsCkJBd3dDZ1lJS3dZQkJRVUhBd0l3REFZRFZSMFRBUUgvQkFJd0FEQWZCZ05WSFNNRUdEQVdnQlROUEoxQmRvOE0KZGNCT1dsUk82cXVvQ3NleG9EQU5CZ2txaGtpRzl3MEJBUXNGQUFPQ0FnRUFydnVrNVJBYTMydlhrZlZEbDVmRQppbW5DZzYvQXJzSmlCNnB5RXBlOFVrMUxNaGVsMVhGRmlUUDU1czY3N3V4azR4Ri96Z3k4WVVWWGZsaTVjNDBsCnJhN2R0N2JlSG96ZHJRQ2Q4QTl1amFndXBEOVFMVWwrWHpwYkdjSDQ4SkU3UVlVNW95VjRhZjNoWjdjUzlER3AKN09mS2d4V1oyS29iK2FSQVpwNTZGK1NneEI5cDM1VDErVUJpSEdBcWpqaHJPV2JqWG5LZkw0S2huaEtDNk91dwpOQmswK3YwYmF6aW9rUU1JM0ZOMld3em56dlRpdEJFaWFucldlb3FlOENDTlBHUkk0NC9ZL29sdlY1Ym03bHZSCnovMlU5ZU9vYmtjU04rS2laSlJwaHZOdEZTb3FxYjcxZm5ORnlLL2FjUE92NVJmRUppaU5mSC9CMlZRYTc3d3YKbmpGZ3RJcTNxQjdtQk5sQWFDbDd0U3JVWTJlYWNldGVPa1pHWXRYOTlvRHBwdXBkQSs0YTRRRzloa1hMUUNLdwpJTFgrYTg0NGo4Qm1MSEhqNGx2QVkzOEVJb3RTc0FObDVQOU45RWtBYm51UzhabUlxWTFXRnVkaDRzUkUzM0RPCmV6YnhockFuRml5UDRWYVhadU03RW1oYm1BamlMZVY3UHdaK2hCOGJ6NWl6YWRXUDNtdG13R2ZpbFUxeHU1V00KYy9xdE1Yak5CcU90eDNTRkhlcWR0bWNuRmpxdzZKMmpIbmZjQUVWVS93elA1ZU9rRHNsRHc5MW54MVZxblRhZwpkRTV6Rlc3YlJBbTRTanE4TlQ0QzB3U0ZUcEZ5bmZHTkJCV0hCVmU4bkVYbWlrcXVLNWhMMk9TT09FeE55RGZlClc4L0ZjdlpXVTJzcWl6SlJsQWlpeiswPQotLS0tLUVORCBDRVJUSUZJQ0FURS0tLS0tCg==\n    client-key-data: LS0tLS1CRUdJTiBSU0EgUFJJVkFURSBLRVktLS0tLQpNSUlKS0FJQkFBS0NBZ0VBMEhEQ2lFUUs4cW1hNnNGQWJNNXdvMzBsQXg0VTR2ZExBSmV5QkVBM0FKZmVnVmVLCjFuSlA3SGxWU2RreXdqQWY5d2plLzY2NS9jMktBMWR6cWFvWUJ0eTA5TS9XZnVkZmpGQVB5ZGNvbFd5MXU2RTMKWTViWWl6T0M0Tk0wbjhrZUZLYVByTzFkeHRxbHhrUFZsWW45TzIrb1lPVFFQN3pSUGxoaCtsdDVwWFpyS01rcwovdkErdWdEOG5PU1E2T2thbkRiR2xJa1lvMVRxQlNnLzBhT3htZ0lzejRWbXd3YUhFbzNSa2pLWVhsRy8xMDRMCnJJd01sSW5Jb0JZMENvWFRPZ0Vxdi9QVFlnYWQxK2k4enVpbDBzK2txbTF2TTlERnZITTRkOWxLQkZYZGsxSkMKVEN0blp3NHZwM0VFYWtvcE1NclNsN1dPZSt1alVhQ1dybjFoNHpYRWE1UjUvVjIxV1poVXZMSVVVYzFPTitaeQpLWjlQQTA3VmVPelRyRWxwWVdwdVNHbE5XUitpaHNyeUdINFhXbE9sYUo3cjBsV1ZjaWh3S0RsOU40ZE5kK3JnCklxcmQvWllZYTg1VjVqM0VXQVVyQTJkN091WXpNYkJtaHBqUkl6RTN6djNPZFYrenFLOVRjb3JHTUR3ZHNKbHoKdW1ZVGtOMDNyLzI5b1dESUdMNXZGVHNLcjU2blRaQmF5WEhxY2hnczV5dG9Uc3VreE4rQVFKUXBsMWFUbGUzNwpoUVF3TGtURElRT3FjbnVrRW5QRVNtVTBPUjBOYitpb3VvKzBCL3hzV1F5U0VrM1NIUlUwN1VFWEFRQ0ZTSGVjClpXdklDeUtjV2Q1enJZUlNydkFNWXF4NHZHOU9pUHdtZC93alNQOGpMZlQ3U2tHWjVQTWQrdTlIZHZjQ0F3RUEKQVFLQ0FnQlFhbkJpcWYyZlNSZmZZZGM5SXhnSnV3cEFmYWFKT2ViUnY3U0tOMHdCQ3BacFNDRGtRdzNhcWFUaAo3TTNNWlV5dnZkaHF4RG8xVk1yZUp5c1VWZThYRnFjcG05V2crQnJBdzFLVUNGSTc4OGpaTG9WMEFvcGdpZXNBCldmdC9lZFFGRzQxcXBkajhFdmJKMnZuWHkzakxLWFRJalA1YTJMblJWNy9WR3QxL25JUVRKQ29iNFF3U0xyZEcKd0ZlM3c5YmtWYTJmT0pVc3ptSEt3NUI3aksvRVB2cVN4V0N6OVJ5L1o3OW1xK1prM1IwcUw0NEpiNjZhejkxNwpCWlhtU1dNSWlkSzRZNVUxeUYrMUlMRlhFaUtIaGx4ODgrTm5GakJ6Vi9COUxIT0Y0S3F2WDVqOFVmSitxOVp1CnZ3ZDVDa3VCNjMzNzBhdTYyMW9TNytXeVErVXpWUmpKQWRGMnBWQjVxTjcvRVVtTVpYYzV5ZmtZWTM0N29RcGwKZlJLeGV4ZzZOb2R4R0R5K2JsSzBKMkxpaWdBb3hEU2ZZaXovWFFYMExoa2dnMzNRSVp3ZWs0UmhvSGNOclB2eQpmMHBKSkswTHUzZHJKYWdYWjhxbVdzZTFHSUtaUmZCSnYzS1p3cVdrK3kzMEt6YTJIc2RHVnZwUG9aZ1lTT2FICnl0MVdja0RPNlhjSis1dTZjNGZPTVFrZ215N21udFBORlBZRXR0Qm9URDNCTWppL0NrTVRsMUZMbHE1ZXJlY2oKR1haSU1ISlRjZlBhTWgzSmNNenA5RHRpNUMwdzdGM0wvYkd3Umx0MFN6VUQ2djNBayt1M0RMVnQvTlFUNzhYSwpmTmJPWG15d0Nqd255c3FvOGlDWDZTMnJqWGZ1UVBoeHgvUnlxQXhOQm45Z2lTOUlBUUtDQVFFQTVjdG9ET2hZClpVV01kd3ZpNjBPZlBvbWEwdjREMjhLU3VRckNDNmdVTlBlWW1zUEM3R0FrRmp5d0p5SVpZWHBSYjcvWmxiN28KaUt0c25NYVVVTjdCZmY4VHk1Zmt1ajNRV0hNTk5CbXBadEV5Smprc0poYXR4MElBdzlvTkxzakNXTzZiTFRSYwp0ODRGS3JwVDJnSkNIcTNjRnd4QzMzVGora2ZJU1RMc0RWWVFTcWowb1UxZ3AzS3BDMk85c01GNWtrZmdFKy9ZCjhnYkpZQUtSVGJ0VVFCcjJ6bTkxZlFlRkVIMFl6WXFJZERYMzJjV1p6SjBjanllUzRweEFnWTl2YmdId2tZMGQKZDhiazA1QWNUYk0vNTBwMGFPSEpCRGlXdyt4SEN4eFhUdWYwQVdTRmU0bmgxbzh6YmtzSnNUSmI2QmNaUTFBMApHT2V5Vk11aEdBazdBUUtDQVFFQTZEWHg0ci91WG1KSTRsZFBUZlVNbzdYV3NmdFA5WFZkSEswMGIwaGRHQWdiClhOVUNlVmdQT0IrTHhsNWY4Q2hkNzdWb2tyV1Z2aDVMZlFkWllVa0NrN0VneGtZZjF3WFpzR2dFZFJiRlZidWUKVC8wU3g0bEdJQzFGY1doNG1odjJVeHM4K0hOSkFBZm55dUJUU2I2eE1DSTRqOWZ6QXRYNnJUOEk4UW1LY05EQQpJd212MG13TGRiUmNxZjBsRUZlbUlQRyszMk1qODJkNmY4dE85Mitxc2xWOVNCUWNhRHpRN280SDRhQzZTdUNqCmgybWJyWndqVlFNZDd2TkJFNGRTMXhYaGxKa3FpZDNBZ3Y5WHAwWDl3Q0NEaWhZOEoyTTRqWkczV2FBMFFkd2wKUVdVajM4bHZRNDk3citiTnpONitsa1ZIaEhLa3kyOXhaODRCeWN5Sjl3S0NBUUVBeW5MYnBwT0VYU1JhemY3UQoya2huSVdlRjJXRWs4UldJd2pGeUoyYmE5cGMwQVJWNncxa29NZGNoc2poZWQveVZob2hWSDVKanR4U2Z5YmRCCnI4V3dYbHE5aTk2MENraXZKMTJsUWtOaGRVM1Vpc3hQMHZhai95cHRGaDhqQWhhbzhrUzB2YXltQ3VFY3VEb1QKNmJ1WG1RTy9KU2NPTzJQMS9lZ0Qwa2xrb1pNekl6T2E0Z2tUb0RKcUw3aWR3LzJRSjRuZkpuRm1oa1BvWWdlaApFQVI4QTBZK0xqMFFHeWptMkZIOTZnZWtsQTEvNElJd0w0NHpQUU8yYXFNU1NaS2VyeUpTV1VranJ3U3hVSnBqCjlTaDRva0o4TUhMSzhFY1N2R1dMYVlSOGZ1M25rTnFJcHdBZzBUQzBOUFV6QXNQRktNSkE1WWJoZnhlUml4Y2oKUTlQT0FRS0NBUUJjNEw3SUNDYXFmN3RSTk1UV2xJNGlxT2VmdHJwTG5rN0kyb3BmZkYwbjhJNHBPbFhML1NuUgpNK1R2U2U0cm02bSs2QnRVbXVheTdXRWFPQ2RLM3kzMXJ1SkNDK2hPVTl1M1VGT0FGY1NHUHczYVJvb05YMTI2Ckh3Rm9rL1d4QmtBbkMzeitqdllDMmlhZkljeU9jWVJqa1R4NFpGS2hycjZlTHRrL3Q2WTA2M24rU2JDV2hIcXMKOEtBanFjbjZXR1J0UnVRbWEzd0VyajMwQVhpclJYSEw5Sit3aGNLNitxQkMybkpTajd3VG1QZ3ZnRkV4Um9ObgpUR0RibzFaREhseEhCVXg5NkNsNGpVYWozc2ZMY3haRWszeXBiYTFQdjhMdDlQdVdFSnIyUUx4eUJLY3RxbDhqCmNhOXlNdW5iNkxmb1dQdDdBWFBpbnNlSVVvQ3FtM0lQQW9JQkFCRE53Y1oyZThZRS9pVEFoR09BOVJkam5mdjYKSk50VXZ6dE9Id0tybVVZTXg5SEY4VE05UVIxdngrSEhxaHY1dVdML0xVelJFemJRUmU4cjBYVDR2Y0dZRUsyRwp4ZlVmZUNxdFVURUVldkpDQWlPWkZXaEFzWXl5R2M2RGcvNndQZENiNGYyWWpEVTVTa0p0N09uN2tpQjJuRmJ0CmhQcGV4RWRGajRoZ3BObnlpQm5Jb1EvemRHYkt4NTYzMndiUk9VSk1sditTcXF3TDFjdWl5WVZiNkVVOGlHTjUKK0Y1MWN4NDVScE5CSDgycU9PTlB2T0V0YjU1VGw5c3dlc25rN3FVc0pHZ0cxb0EyRmZwUnpNRUh6aHRxYnU3bwpvdEgrWTUveTJZRTMvS1Zqa0llL3BpQTMvUmVOVHF6NjhSQjR4aGQ3ZXY0ZUpUNkQydkw0eWZjVDdiWT0KLS0tLS1FTkQgUlNBIFBSSVZBVEUgS0VZLS0tLS0K\n    token: 4874ea5458bb041ad4b22735124ca71d28553b0ca5897d455eb45a19de6d8af21e9f59e62715aa5644a944021898c3db129e5613f96f4e5fc29ad5cf5189bfce\n",
      "type": "string",
      "sensitive": true
    },
    "cluster_private_key": {
      "value": "-----BEGIN RSA PRIVATE KEY-----\nMIIEowIBAAKCAQEAqbE9fdqbUmDGhPnVOw9MLQux5zN7vyZaNMrRYyArm0sbG9RL\npEVlnFekiRzihaeRH3MKoj1p2j2U1J1FITXRE4bgs452euUgklY6VcEECl1swngD\nCcQT8QoPd+CvvKMhGYdFY2uw+SQX+EHdcIKBInKpo0Up94nw3CnqnXa1rO7PJZ62\nUm90fOLGCR2Nac7T7uZPM5JBr7Z/XdgzF9zHmcrJ825BaeTK0Dq4nyVutnY9K8nI\nphHa7sFFeiBGC6S0lqzpOeJ9RLNib21dv/cKBGrdTvrxWtq6JbDF+gJVJzLGVoe2\nPUfhNU4+Ls/YJEekeW1hbaoS2T4GwLY0unurZwIDAQABAoIBAHE9G8HengPtHM0k\nQ000OitdQIz+6Dd5Cn1sUyqJD1CEYETD+O5YeSRJwDzXj7qNReTsyk3WGctPiQAR\nK06sMSeMvGpWSW5ddMzyyd7r/RxFmAx2NeDQflY91nCy+dMyMSZuBLoB5Yl8spoy\nqekozbAFQHr57rWH0bm6JxyJWVdatv3gknuLf97v99k1V7UieYhm6dr4OBzbNNZd\nQgl+bmxqm5D+lG9nvDRklQR6IY0MHEG3GIiTdQsPeCv+UD41xL8hYm4LkzYZZDxJ\nuGCdla1y5QfUO1wGgVwMigrqd4udyeg0rqAwLTcdx/elRgjH9f0jJc5Sd1K0FjPm\n/BhdNJECgYEAwn+AG9ZUhPGuSFgmwA3SdR7SzDF+U0XFQXZYUiqwLJrWdm5JAyql\nRq8ZOndsS0xbtD4QstMWIsFLCC/OWL7kqcM5K/joHfVz29aO1OUTa7YygB8s/EGj\nWSKt4/+RD3o4Wv8XVSV75TFMokKV7Sx1DkNGuTLCwdp3791OPROkaC0CgYEA31m7\npxG7+IhEenQFfUGby1U1ChvzQBaXbSskj4K37r5rKl8wqTQdFnTJEn14pL9/XF9M\nOBfGRFIaKtHQy7t86G/V1gGMeFRiUULkblwc3VSq3mTplE1oVIFa9HqP+jAFJVU5\nDuRc1yFupJzhM/k0PkLVu1zXSpik5/RW4v4QKmMCgYAMDhcEoq4uZ0RkG4KbWL/4\nnmZ2XYL06lgljI5A2YB940LzqDZCSfxgey3XH9vIdv0gGNC0JL00fkKGSWBCw+Is\nW3tJrG3GnZYGxC+qJmCjxnEu27/QCslzFuEsRoTZLrwbd8AceOxK8llLnVDpmF3Q\n+n6BsBG+LipM5ayZwIPqKQKBgBgMATgroKFRio3kj/K8bZmmwt8jwzzTMdp/GqCY\n4lTCC6e0N/j/s2IHkN58w9B5Da1UVVB0vtP8QvT5QhGtTfV4lP1FjWonK660FQQM\nxs7Nntfy5XMiIml2w+QujfHR2bv7QPlpfNVstAzlFxoRap6Jc5mIlWViqd6PYAtw\nby0hAoGBAIihwHM2IpO+3M53oXG1grBE8W9oQfwmjKqOTVmY8ivWbBMofQWqVco0\nybbUvZOuB6Lopdg+dQIPvJLAbtE02SlGRBqYevPUaoSRl8kh9qRigm10jwiel3yA\nDpY20HYssxQfvqx0UHvnIU6A9nIGUcJXICJxTRbMFK3ip6r+xyh/\n-----END RSA PRIVATE KEY-----\n",
      "type": "string",
      "sensitive": true
    },
    "cluster_public_key": {
      "value": "-----BEGIN PUBLIC KEY-----\nMIIBIjANBgkqhkiG9w0BAQEFAAOCAQ8AMIIBCgKCAQEAqbE9fdqbUmDGhPnVOw9M\nLQux5zN7vyZaNMrRYyArm0sbG9RLpEVlnFekiRzihaeRH3MKoj1p2j2U1J1FITXR\nE4bgs452euUgklY6VcEECl1swngDCcQT8QoPd+CvvKMhGYdFY2uw+SQX+EHdcIKB\nInKpo0Up94nw3CnqnXa1rO7PJZ62Um90fOLGCR2Nac7T7uZPM5JBr7Z/XdgzF9zH\nmcrJ825BaeTK0Dq4nyVutnY9K8nIphHa7sFFeiBGC6S0lqzpOeJ9RLNib21dv/cK\nBGrdTvrxWtq6JbDF+gJVJzLGVoe2PUfhNU4+Ls/YJEekeW1hbaoS2T4GwLY0unur\nZwIDAQAB\n-----END PUBLIC KEY-----\n",
      "type": "string",
      "sensitive": true
    },
    "registry_hostname": {
      "value": "peerasuflixtube.azurecr.io",
      "type": "string",
      "sensitive": true
    },
    "registry_pw": {
      "value": "w1B9Z3a3PUktNMW2QLZNCKQKyHu1iZMymfdVoAEKVH+ACRDIo4+Z",
      "type": "string",
      "sensitive": true
    },
    "registry_un": {
      "value": "peerasuflixtube",
      "type": "string",
      "sensitive": true
    }
  },
  "resources": [
    {
      "mode": "managed",
      "type": "azurerm_container_registry",
      "name": "container_registry",
      "provider": "provider[\"registry.terraform.io/hashicorp/azurerm\"]",
      "instances": [
        {
          "schema_version": 2,
          "attributes": {
            "admin_enabled": true,
            "admin_password": "w1B9Z3a3PUktNMW2QLZNCKQKyHu1iZMymfdVoAEKVH+ACRDIo4+Z",
            "admin_username": "peerasuflixtube",
            "anonymous_pull_enabled": false,
            "data_endpoint_enabled": false,
            "encryption": [
              {
                "enabled": false,
                "identity_client_id": "",
                "key_vault_key_id": ""
              }
            ],
            "export_policy_enabled": true,
            "georeplications": [],
            "id": "/subscriptions/b471f086-db54-4713-98b7-6a31af0081c5/resourceGroups/peerasuflixtube/providers/Microsoft.ContainerRegistry/registries/peerasuflixtube",
            "identity": [],
            "location": "southeastasia",
            "login_server": "peerasuflixtube.azurecr.io",
            "name": "peerasuflixtube",
            "network_rule_bypass_option": "AzureServices",
            "network_rule_set": [],
            "public_network_access_enabled": true,
            "quarantine_policy_enabled": false,
            "resource_group_name": "peerasuflixtube",
            "retention_policy": [
              {
                "days": 7,
                "enabled": false
              }
            ],
            "sku": "Basic",
            "tags": {},
            "timeouts": null,
            "trust_policy": [
              {
                "enabled": false
              }
            ],
            "zone_redundancy_enabled": false
          },
          "sensitive_attributes": [],
          "private": "eyJlMmJmYjczMC1lY2FhLTExZTYtOGY4OC0zNDM2M2JjN2M0YzAiOnsiY3JlYXRlIjoxODAwMDAwMDAwMDAwLCJkZWxldGUiOjE4MDAwMDAwMDAwMDAsInJlYWQiOjMwMDAwMDAwMDAwMCwidXBkYXRlIjoxODAwMDAwMDAwMDAwfSwic2NoZW1hX3ZlcnNpb24iOiIyIn0=",
          "dependencies": [
            "azurerm_resource_group.flixtube"
          ]
        }
      ]
    },
    {
      "mode": "managed",
      "type": "azurerm_kubernetes_cluster",
      "name": "cluster",
      "provider": "provider[\"registry.terraform.io/hashicorp/azurerm\"]",
      "instances": [
        {
          "schema_version": 2,
          "attributes": {
            "aci_connector_linux": [],
            "api_server_authorized_ip_ranges": [],
            "auto_scaler_profile": [],
            "automatic_channel_upgrade": "",
            "azure_active_directory_role_based_access_control": [],
            "azure_policy_enabled": false,
            "default_node_pool": [
              {
                "enable_auto_scaling": false,
                "enable_host_encryption": false,
                "enable_node_public_ip": false,
                "fips_enabled": false,
                "kubelet_config": [],
                "kubelet_disk_type": "OS",
                "linux_os_config": [],
                "max_count": 0,
                "max_pods": 110,
                "min_count": 0,
                "name": "default",
                "node_count": 1,
                "node_labels": {},
                "node_public_ip_prefix_id": "",
                "node_taints": [],
                "only_critical_addons_enabled": false,
                "orchestrator_version": "1.25.4",
                "os_disk_size_gb": 128,
                "os_disk_type": "Managed",
                "os_sku": "Ubuntu",
                "pod_subnet_id": "",
                "proximity_placement_group_id": "",
                "tags": {},
                "type": "VirtualMachineScaleSets",
                "ultra_ssd_enabled": false,
                "upgrade_settings": [],
                "vm_size": "Standard_B2ms",
                "vnet_subnet_id": "",
                "zones": []
              }
            ],
            "disk_encryption_set_id": "",
            "dns_prefix": "peerasuflixtube",
            "dns_prefix_private_cluster": "",
            "enable_pod_security_policy": false,
            "fqdn": "peerasuflixtube-debed225.hcp.southeastasia.azmk8s.io",
            "http_application_routing_enabled": false,
            "http_application_routing_zone_name": "",
            "http_proxy_config": [],
            "id": "/subscriptions/b471f086-db54-4713-98b7-6a31af0081c5/resourceGroups/peerasuflixtube/providers/Microsoft.ContainerService/managedClusters/peerasuflixtube",
            "identity": [],
            "ingress_application_gateway": [],
            "key_vault_secrets_provider": [],
            "kube_admin_config": [],
            "kube_admin_config_raw": "",
            "kube_config": [
              {
                "client_certificate": "LS0tLS1CRUdJTiBDRVJUSUZJQ0FURS0tLS0tCk1JSUZIVENDQXdXZ0F3SUJBZ0lRR2NNbVV3UUlyRVlXS0phSEtXSEJ1akFOQmdrcWhraUc5dzBCQVFzRkFEQU4KTVFzd0NRWURWUVFERXdKallUQWVGdzB5TXpBeU1UY3hOVE0yTVRKYUZ3MHlOVEF5TVRjeE5UUTJNVEphTURBeApGekFWQmdOVkJBb1REbk41YzNSbGJUcHRZWE4wWlhKek1SVXdFd1lEVlFRREV3eHRZWE4wWlhKamJHbGxiblF3CmdnSWlNQTBHQ1NxR1NJYjNEUUVCQVFVQUE0SUNEd0F3Z2dJS0FvSUNBUURRY01LSVJBcnlxWnJxd1VCc3puQ2oKZlNVREhoVGk5MHNBbDdJRVFEY0FsOTZCVjRyV2NrL3NlVlZKMlRMQ01CLzNDTjcvcnJuOXpZb0RWM09wcWhnRwozTFQwejlaKzUxK01VQS9KMXlpVmJMVzdvVGRqbHRpTE00TGcwelNmeVI0VXBvK3M3VjNHMnFYR1E5V1ZpZjA3CmI2aGc1TkEvdk5FK1dHSDZXM21sZG1zb3lTeis4RDY2QVB5YzVKRG82UnFjTnNhVWlSaWpWT29GS0QvUm83R2EKQWl6UGhXYkRCb2NTamRHU01waGVVYi9YVGd1c2pBeVVpY2lnRmpRS2hkTTZBU3EvODlOaUJwM1g2THpPNktYUwp6NlNxYlc4ejBNVzhjemgzMlVvRVZkMlRVa0pNSzJkbkRpK25jUVJxU2lrd3l0S1h0WTU3NjZOUm9KYXVmV0hqCk5jUnJsSG45WGJWWm1GUzhzaFJSelU0MzVuSXBuMDhEVHRWNDdOT3NTV2xoYW01SWFVMVpINktHeXZJWWZoZGEKVTZWb251dlNWWlZ5S0hBb09YMDNoMDEzNnVBaXF0MzlsaGhyemxYbVBjUllCU3NEWjNzNjVqTXhzR2FHbU5FagpNVGZPL2M1MVg3T29yMU55aXNZd1BCMndtWE82WmhPUTNUZXYvYjJoWU1nWXZtOFZPd3F2bnFkTmtGckpjZXB5CkdDem5LMmhPeTZURTM0QkFsQ21YVnBPVjdmdUZCREF1Uk1NaEE2cHllNlFTYzhSS1pUUTVIUTF2NktpNmo3UUgKL0d4WkRKSVNUZElkRlRUdFFSY0JBSVZJZDV4bGE4Z0xJcHhaM25PdGhGS3U4QXhpckhpOGIwNkkvQ1ozL0NOSQoveU10OVB0S1Fabms4eDM2NzBkMjl3SURBUUFCbzFZd1ZEQU9CZ05WSFE4QkFmOEVCQU1DQmFBd0V3WURWUjBsCkJBd3dDZ1lJS3dZQkJRVUhBd0l3REFZRFZSMFRBUUgvQkFJd0FEQWZCZ05WSFNNRUdEQVdnQlROUEoxQmRvOE0KZGNCT1dsUk82cXVvQ3NleG9EQU5CZ2txaGtpRzl3MEJBUXNGQUFPQ0FnRUFydnVrNVJBYTMydlhrZlZEbDVmRQppbW5DZzYvQXJzSmlCNnB5RXBlOFVrMUxNaGVsMVhGRmlUUDU1czY3N3V4azR4Ri96Z3k4WVVWWGZsaTVjNDBsCnJhN2R0N2JlSG96ZHJRQ2Q4QTl1amFndXBEOVFMVWwrWHpwYkdjSDQ4SkU3UVlVNW95VjRhZjNoWjdjUzlER3AKN09mS2d4V1oyS29iK2FSQVpwNTZGK1NneEI5cDM1VDErVUJpSEdBcWpqaHJPV2JqWG5LZkw0S2huaEtDNk91dwpOQmswK3YwYmF6aW9rUU1JM0ZOMld3em56dlRpdEJFaWFucldlb3FlOENDTlBHUkk0NC9ZL29sdlY1Ym03bHZSCnovMlU5ZU9vYmtjU04rS2laSlJwaHZOdEZTb3FxYjcxZm5ORnlLL2FjUE92NVJmRUppaU5mSC9CMlZRYTc3d3YKbmpGZ3RJcTNxQjdtQk5sQWFDbDd0U3JVWTJlYWNldGVPa1pHWXRYOTlvRHBwdXBkQSs0YTRRRzloa1hMUUNLdwpJTFgrYTg0NGo4Qm1MSEhqNGx2QVkzOEVJb3RTc0FObDVQOU45RWtBYm51UzhabUlxWTFXRnVkaDRzUkUzM0RPCmV6YnhockFuRml5UDRWYVhadU03RW1oYm1BamlMZVY3UHdaK2hCOGJ6NWl6YWRXUDNtdG13R2ZpbFUxeHU1V00KYy9xdE1Yak5CcU90eDNTRkhlcWR0bWNuRmpxdzZKMmpIbmZjQUVWVS93elA1ZU9rRHNsRHc5MW54MVZxblRhZwpkRTV6Rlc3YlJBbTRTanE4TlQ0QzB3U0ZUcEZ5bmZHTkJCV0hCVmU4bkVYbWlrcXVLNWhMMk9TT09FeE55RGZlClc4L0ZjdlpXVTJzcWl6SlJsQWlpeiswPQotLS0tLUVORCBDRVJUSUZJQ0FURS0tLS0tCg==",
                "client_key": "LS0tLS1CRUdJTiBSU0EgUFJJVkFURSBLRVktLS0tLQpNSUlKS0FJQkFBS0NBZ0VBMEhEQ2lFUUs4cW1hNnNGQWJNNXdvMzBsQXg0VTR2ZExBSmV5QkVBM0FKZmVnVmVLCjFuSlA3SGxWU2RreXdqQWY5d2plLzY2NS9jMktBMWR6cWFvWUJ0eTA5TS9XZnVkZmpGQVB5ZGNvbFd5MXU2RTMKWTViWWl6T0M0Tk0wbjhrZUZLYVByTzFkeHRxbHhrUFZsWW45TzIrb1lPVFFQN3pSUGxoaCtsdDVwWFpyS01rcwovdkErdWdEOG5PU1E2T2thbkRiR2xJa1lvMVRxQlNnLzBhT3htZ0lzejRWbXd3YUhFbzNSa2pLWVhsRy8xMDRMCnJJd01sSW5Jb0JZMENvWFRPZ0Vxdi9QVFlnYWQxK2k4enVpbDBzK2txbTF2TTlERnZITTRkOWxLQkZYZGsxSkMKVEN0blp3NHZwM0VFYWtvcE1NclNsN1dPZSt1alVhQ1dybjFoNHpYRWE1UjUvVjIxV1poVXZMSVVVYzFPTitaeQpLWjlQQTA3VmVPelRyRWxwWVdwdVNHbE5XUitpaHNyeUdINFhXbE9sYUo3cjBsV1ZjaWh3S0RsOU40ZE5kK3JnCklxcmQvWllZYTg1VjVqM0VXQVVyQTJkN091WXpNYkJtaHBqUkl6RTN6djNPZFYrenFLOVRjb3JHTUR3ZHNKbHoKdW1ZVGtOMDNyLzI5b1dESUdMNXZGVHNLcjU2blRaQmF5WEhxY2hnczV5dG9Uc3VreE4rQVFKUXBsMWFUbGUzNwpoUVF3TGtURElRT3FjbnVrRW5QRVNtVTBPUjBOYitpb3VvKzBCL3hzV1F5U0VrM1NIUlUwN1VFWEFRQ0ZTSGVjClpXdklDeUtjV2Q1enJZUlNydkFNWXF4NHZHOU9pUHdtZC93alNQOGpMZlQ3U2tHWjVQTWQrdTlIZHZjQ0F3RUEKQVFLQ0FnQlFhbkJpcWYyZlNSZmZZZGM5SXhnSnV3cEFmYWFKT2ViUnY3U0tOMHdCQ3BacFNDRGtRdzNhcWFUaAo3TTNNWlV5dnZkaHF4RG8xVk1yZUp5c1VWZThYRnFjcG05V2crQnJBdzFLVUNGSTc4OGpaTG9WMEFvcGdpZXNBCldmdC9lZFFGRzQxcXBkajhFdmJKMnZuWHkzakxLWFRJalA1YTJMblJWNy9WR3QxL25JUVRKQ29iNFF3U0xyZEcKd0ZlM3c5YmtWYTJmT0pVc3ptSEt3NUI3aksvRVB2cVN4V0N6OVJ5L1o3OW1xK1prM1IwcUw0NEpiNjZhejkxNwpCWlhtU1dNSWlkSzRZNVUxeUYrMUlMRlhFaUtIaGx4ODgrTm5GakJ6Vi9COUxIT0Y0S3F2WDVqOFVmSitxOVp1CnZ3ZDVDa3VCNjMzNzBhdTYyMW9TNytXeVErVXpWUmpKQWRGMnBWQjVxTjcvRVVtTVpYYzV5ZmtZWTM0N29RcGwKZlJLeGV4ZzZOb2R4R0R5K2JsSzBKMkxpaWdBb3hEU2ZZaXovWFFYMExoa2dnMzNRSVp3ZWs0UmhvSGNOclB2eQpmMHBKSkswTHUzZHJKYWdYWjhxbVdzZTFHSUtaUmZCSnYzS1p3cVdrK3kzMEt6YTJIc2RHVnZwUG9aZ1lTT2FICnl0MVdja0RPNlhjSis1dTZjNGZPTVFrZ215N21udFBORlBZRXR0Qm9URDNCTWppL0NrTVRsMUZMbHE1ZXJlY2oKR1haSU1ISlRjZlBhTWgzSmNNenA5RHRpNUMwdzdGM0wvYkd3Umx0MFN6VUQ2djNBayt1M0RMVnQvTlFUNzhYSwpmTmJPWG15d0Nqd255c3FvOGlDWDZTMnJqWGZ1UVBoeHgvUnlxQXhOQm45Z2lTOUlBUUtDQVFFQTVjdG9ET2hZClpVV01kd3ZpNjBPZlBvbWEwdjREMjhLU3VRckNDNmdVTlBlWW1zUEM3R0FrRmp5d0p5SVpZWHBSYjcvWmxiN28KaUt0c25NYVVVTjdCZmY4VHk1Zmt1ajNRV0hNTk5CbXBadEV5Smprc0poYXR4MElBdzlvTkxzakNXTzZiTFRSYwp0ODRGS3JwVDJnSkNIcTNjRnd4QzMzVGora2ZJU1RMc0RWWVFTcWowb1UxZ3AzS3BDMk85c01GNWtrZmdFKy9ZCjhnYkpZQUtSVGJ0VVFCcjJ6bTkxZlFlRkVIMFl6WXFJZERYMzJjV1p6SjBjanllUzRweEFnWTl2YmdId2tZMGQKZDhiazA1QWNUYk0vNTBwMGFPSEpCRGlXdyt4SEN4eFhUdWYwQVdTRmU0bmgxbzh6YmtzSnNUSmI2QmNaUTFBMApHT2V5Vk11aEdBazdBUUtDQVFFQTZEWHg0ci91WG1KSTRsZFBUZlVNbzdYV3NmdFA5WFZkSEswMGIwaGRHQWdiClhOVUNlVmdQT0IrTHhsNWY4Q2hkNzdWb2tyV1Z2aDVMZlFkWllVa0NrN0VneGtZZjF3WFpzR2dFZFJiRlZidWUKVC8wU3g0bEdJQzFGY1doNG1odjJVeHM4K0hOSkFBZm55dUJUU2I2eE1DSTRqOWZ6QXRYNnJUOEk4UW1LY05EQQpJd212MG13TGRiUmNxZjBsRUZlbUlQRyszMk1qODJkNmY4dE85Mitxc2xWOVNCUWNhRHpRN280SDRhQzZTdUNqCmgybWJyWndqVlFNZDd2TkJFNGRTMXhYaGxKa3FpZDNBZ3Y5WHAwWDl3Q0NEaWhZOEoyTTRqWkczV2FBMFFkd2wKUVdVajM4bHZRNDk3citiTnpONitsa1ZIaEhLa3kyOXhaODRCeWN5Sjl3S0NBUUVBeW5MYnBwT0VYU1JhemY3UQoya2huSVdlRjJXRWs4UldJd2pGeUoyYmE5cGMwQVJWNncxa29NZGNoc2poZWQveVZob2hWSDVKanR4U2Z5YmRCCnI4V3dYbHE5aTk2MENraXZKMTJsUWtOaGRVM1Vpc3hQMHZhai95cHRGaDhqQWhhbzhrUzB2YXltQ3VFY3VEb1QKNmJ1WG1RTy9KU2NPTzJQMS9lZ0Qwa2xrb1pNekl6T2E0Z2tUb0RKcUw3aWR3LzJRSjRuZkpuRm1oa1BvWWdlaApFQVI4QTBZK0xqMFFHeWptMkZIOTZnZWtsQTEvNElJd0w0NHpQUU8yYXFNU1NaS2VyeUpTV1VranJ3U3hVSnBqCjlTaDRva0o4TUhMSzhFY1N2R1dMYVlSOGZ1M25rTnFJcHdBZzBUQzBOUFV6QXNQRktNSkE1WWJoZnhlUml4Y2oKUTlQT0FRS0NBUUJjNEw3SUNDYXFmN3RSTk1UV2xJNGlxT2VmdHJwTG5rN0kyb3BmZkYwbjhJNHBPbFhML1NuUgpNK1R2U2U0cm02bSs2QnRVbXVheTdXRWFPQ2RLM3kzMXJ1SkNDK2hPVTl1M1VGT0FGY1NHUHczYVJvb05YMTI2Ckh3Rm9rL1d4QmtBbkMzeitqdllDMmlhZkljeU9jWVJqa1R4NFpGS2hycjZlTHRrL3Q2WTA2M24rU2JDV2hIcXMKOEtBanFjbjZXR1J0UnVRbWEzd0VyajMwQVhpclJYSEw5Sit3aGNLNitxQkMybkpTajd3VG1QZ3ZnRkV4Um9ObgpUR0RibzFaREhseEhCVXg5NkNsNGpVYWozc2ZMY3haRWszeXBiYTFQdjhMdDlQdVdFSnIyUUx4eUJLY3RxbDhqCmNhOXlNdW5iNkxmb1dQdDdBWFBpbnNlSVVvQ3FtM0lQQW9JQkFCRE53Y1oyZThZRS9pVEFoR09BOVJkam5mdjYKSk50VXZ6dE9Id0tybVVZTXg5SEY4VE05UVIxdngrSEhxaHY1dVdML0xVelJFemJRUmU4cjBYVDR2Y0dZRUsyRwp4ZlVmZUNxdFVURUVldkpDQWlPWkZXaEFzWXl5R2M2RGcvNndQZENiNGYyWWpEVTVTa0p0N09uN2tpQjJuRmJ0CmhQcGV4RWRGajRoZ3BObnlpQm5Jb1EvemRHYkt4NTYzMndiUk9VSk1sditTcXF3TDFjdWl5WVZiNkVVOGlHTjUKK0Y1MWN4NDVScE5CSDgycU9PTlB2T0V0YjU1VGw5c3dlc25rN3FVc0pHZ0cxb0EyRmZwUnpNRUh6aHRxYnU3bwpvdEgrWTUveTJZRTMvS1Zqa0llL3BpQTMvUmVOVHF6NjhSQjR4aGQ3ZXY0ZUpUNkQydkw0eWZjVDdiWT0KLS0tLS1FTkQgUlNBIFBSSVZBVEUgS0VZLS0tLS0K",
                "cluster_ca_certificate": "LS0tLS1CRUdJTiBDRVJUSUZJQ0FURS0tLS0tCk1JSUU2RENDQXRDZ0F3SUJBZ0lRRkhRaWptWVAxV091S1BQa0J5UHRvREFOQmdrcWhraUc5dzBCQVFzRkFEQU4KTVFzd0NRWURWUVFERXdKallUQWdGdzB5TXpBeU1UY3hOVE0yTVRKYUdBOHlNRFV6TURJeE56RTFORFl4TWxvdwpEVEVMTUFrR0ExVUVBeE1DWTJFd2dnSWlNQTBHQ1NxR1NJYjNEUUVCQVFVQUE0SUNEd0F3Z2dJS0FvSUNBUURaCjBQQTVtQ3BsR0NSenNsSEo2NTZGZE1jUGV1TkdPVFNhZ0k1WHJ4bnpkR0I4R1VKQVdVbnhBQTJkU0NBVnhibkgKOTdkZzhVMWhBWTlmd0lOazhjeGxkV0V3YmZLWUM5U3g0c1YrRlhYVWppdkFkMUk4WTlQNVZsazZaNGZ0MkpNQwpvUXNEVGdWRGZpMWxIbzMxYmdvc2RBSjE1RGUxWkdNd0EwZE1lNnBIVTYxcUJveGI3dm9NbkpzQmd6NjA5R0pGClExZ1ZNcHVnR1pYRW5mSnRWcjhDQVNHbHRJSDNwSWl6amxURXQwL1ZRQ3kvQ1hUcjh5V1ZEbDhoRnp2Z21SbEkKSXFvOS9FaWhXTkNvSGR1WWNSZFEya2YwdlZndnNwTGxhQnZOYTQyTkZxUklGT2ViTjI0emdQaUVxVHBOV0tObQpvYTczYWZKSzlSckthaDYrazlzN2x5VENVc3dGSmdBMnNLSlQzdTdoVXdzOUE4OWdtTkdneEc3N1M2c0Z3MWpNCmF1ei9zQVNRSndoeTkvUkVxS0Z3ZWY2dzh2NCtKSVRGNUg4UERRQXAzUE9GTXQ3Zy9mQkVXNFFSN1dzdWFEeXQKV1h2T1c0WkZUTFhveVlTNkhZTGhCYzNhWUJyQ05LMkFsVlRueWk5UGFzOXlENXFJU2MvOE9TK1E3MWk0RDhPUApHTGQ0TXpCTytBY1Vhb2dENUZXbVN5S2lLSFFMQlUvNTRiakJITTRiS0lTRCtvSG5YLzVXUC9lRW9tRlFKTjFJCjRxOVRCR3FrKzRXSURvWWxNNHp0bHNYbjdWcW1hTEF4Zm5uTVU0aGs5RjVEblQrTERDQmVLZ21qUzhtMVdmK08KTEtnb3AxZkZPaUxRTUlCZ3hldFhrR3VZb3hqNFN4azFwUGpTZHlabTZ3SURBUUFCbzBJd1FEQU9CZ05WSFE4QgpBZjhFQkFNQ0FxUXdEd1lEVlIwVEFRSC9CQVV3QXdFQi96QWRCZ05WSFE0RUZnUVV6VHlkUVhhUERIWEFUbHBVClR1cXJxQXJIc2FBd0RRWUpLb1pJaHZjTkFRRUxCUUFEZ2dJQkFJTEgxREkvZS9mWklyNGljbWxLS0FiYTltTGoKbTlRckRuWHphMThsUzFvL2xJbStHaVhRWkJZak4zcFF3R3FzZXVMWnk2cVFWcm1sVTlJZitxUjNHU3I1aVdtSgpkNTRGZHE0TmMwdDZITzBZb1ZJWk00cFRCUWJiTlBHZ0NzUWlBeGFROXpvUVJGZU9uUzZRNTlQNisxUDNVR0YwCmI3UEJHOXd1ejhlTXgwZFBUakEzaDNJbzl0MWVmckZhUXpxS0RCQUIxbHZzT0JITjAzdFhmdGxiakRkNUFBNHEKZWkrMHN0dkRFTVZ6TnRNVEhkTzQ4a056dm5iWVNnUmc2L0pJUytlbVQ1Q3N6ZHV3b2FpblVpNW9OVG4xSGFxZApKTENHY0RYeGJDQ3FmVG5kS2d4OGpJdmhncXIxL0d6VGs4eFpXdlRaeTlYeCt1SGhobVFBajE3QkZiRlZxZ2pnClBBcUZlOXBRTE1FTUZHazFVTXZ5MjJBSWREc25ZN1o3SGFlK1VldXpVZmZrNEIvV0VmWEJuSjRDTmVjUVZNOGIKdjljWU5Pd1hzSjhHVWxHR3JucVV2UTNORzlKSkdYSkFWYmJ2UitRblQvNkJXYlNxbVR3eHE2Ny90MVQ2NG5FRwo4WXNBNTRRZlhhM1c0dEZrUFRvOWhrb2xrRTJIQjZHWWYrTnY3dzBVcUs2ZkJ0dndMUHkrTDU0Z0JCeFcrZVN4CmZqeWNoZnQ1enk5bko0TXFLQjAxWFhYZFlBSmhrRjJVbDVUVkQxeWZZenFsWSt5QXpuUE5aOTBka0NkS09UMzYKVzhIOHo0bFI1YVNSZ1B2QS9pRElnaTY1bCtnVTBsTmRwVDZkMVdWaG42emZ2RDFOMk1uSzllTkVPeXhWeGl3WQpMVmp5bG1zL3hRWUFueEZNCi0tLS0tRU5EIENFUlRJRklDQVRFLS0tLS0K",
                "host": "https://peerasuflixtube-debed225.hcp.southeastasia.azmk8s.io:443",
                "password": "4874ea5458bb041ad4b22735124ca71d28553b0ca5897d455eb45a19de6d8af21e9f59e62715aa5644a944021898c3db129e5613f96f4e5fc29ad5cf5189bfce",
                "username": "clusterUser_peerasuflixtube_peerasuflixtube"
              }
            ],
            "kube_config_raw": "apiVersion: v1\nclusters:\n- cluster:\n    certificate-authority-data: LS0tLS1CRUdJTiBDRVJUSUZJQ0FURS0tLS0tCk1JSUU2RENDQXRDZ0F3SUJBZ0lRRkhRaWptWVAxV091S1BQa0J5UHRvREFOQmdrcWhraUc5dzBCQVFzRkFEQU4KTVFzd0NRWURWUVFERXdKallUQWdGdzB5TXpBeU1UY3hOVE0yTVRKYUdBOHlNRFV6TURJeE56RTFORFl4TWxvdwpEVEVMTUFrR0ExVUVBeE1DWTJFd2dnSWlNQTBHQ1NxR1NJYjNEUUVCQVFVQUE0SUNEd0F3Z2dJS0FvSUNBUURaCjBQQTVtQ3BsR0NSenNsSEo2NTZGZE1jUGV1TkdPVFNhZ0k1WHJ4bnpkR0I4R1VKQVdVbnhBQTJkU0NBVnhibkgKOTdkZzhVMWhBWTlmd0lOazhjeGxkV0V3YmZLWUM5U3g0c1YrRlhYVWppdkFkMUk4WTlQNVZsazZaNGZ0MkpNQwpvUXNEVGdWRGZpMWxIbzMxYmdvc2RBSjE1RGUxWkdNd0EwZE1lNnBIVTYxcUJveGI3dm9NbkpzQmd6NjA5R0pGClExZ1ZNcHVnR1pYRW5mSnRWcjhDQVNHbHRJSDNwSWl6amxURXQwL1ZRQ3kvQ1hUcjh5V1ZEbDhoRnp2Z21SbEkKSXFvOS9FaWhXTkNvSGR1WWNSZFEya2YwdlZndnNwTGxhQnZOYTQyTkZxUklGT2ViTjI0emdQaUVxVHBOV0tObQpvYTczYWZKSzlSckthaDYrazlzN2x5VENVc3dGSmdBMnNLSlQzdTdoVXdzOUE4OWdtTkdneEc3N1M2c0Z3MWpNCmF1ei9zQVNRSndoeTkvUkVxS0Z3ZWY2dzh2NCtKSVRGNUg4UERRQXAzUE9GTXQ3Zy9mQkVXNFFSN1dzdWFEeXQKV1h2T1c0WkZUTFhveVlTNkhZTGhCYzNhWUJyQ05LMkFsVlRueWk5UGFzOXlENXFJU2MvOE9TK1E3MWk0RDhPUApHTGQ0TXpCTytBY1Vhb2dENUZXbVN5S2lLSFFMQlUvNTRiakJITTRiS0lTRCtvSG5YLzVXUC9lRW9tRlFKTjFJCjRxOVRCR3FrKzRXSURvWWxNNHp0bHNYbjdWcW1hTEF4Zm5uTVU0aGs5RjVEblQrTERDQmVLZ21qUzhtMVdmK08KTEtnb3AxZkZPaUxRTUlCZ3hldFhrR3VZb3hqNFN4azFwUGpTZHlabTZ3SURBUUFCbzBJd1FEQU9CZ05WSFE4QgpBZjhFQkFNQ0FxUXdEd1lEVlIwVEFRSC9CQVV3QXdFQi96QWRCZ05WSFE0RUZnUVV6VHlkUVhhUERIWEFUbHBVClR1cXJxQXJIc2FBd0RRWUpLb1pJaHZjTkFRRUxCUUFEZ2dJQkFJTEgxREkvZS9mWklyNGljbWxLS0FiYTltTGoKbTlRckRuWHphMThsUzFvL2xJbStHaVhRWkJZak4zcFF3R3FzZXVMWnk2cVFWcm1sVTlJZitxUjNHU3I1aVdtSgpkNTRGZHE0TmMwdDZITzBZb1ZJWk00cFRCUWJiTlBHZ0NzUWlBeGFROXpvUVJGZU9uUzZRNTlQNisxUDNVR0YwCmI3UEJHOXd1ejhlTXgwZFBUakEzaDNJbzl0MWVmckZhUXpxS0RCQUIxbHZzT0JITjAzdFhmdGxiakRkNUFBNHEKZWkrMHN0dkRFTVZ6TnRNVEhkTzQ4a056dm5iWVNnUmc2L0pJUytlbVQ1Q3N6ZHV3b2FpblVpNW9OVG4xSGFxZApKTENHY0RYeGJDQ3FmVG5kS2d4OGpJdmhncXIxL0d6VGs4eFpXdlRaeTlYeCt1SGhobVFBajE3QkZiRlZxZ2pnClBBcUZlOXBRTE1FTUZHazFVTXZ5MjJBSWREc25ZN1o3SGFlK1VldXpVZmZrNEIvV0VmWEJuSjRDTmVjUVZNOGIKdjljWU5Pd1hzSjhHVWxHR3JucVV2UTNORzlKSkdYSkFWYmJ2UitRblQvNkJXYlNxbVR3eHE2Ny90MVQ2NG5FRwo4WXNBNTRRZlhhM1c0dEZrUFRvOWhrb2xrRTJIQjZHWWYrTnY3dzBVcUs2ZkJ0dndMUHkrTDU0Z0JCeFcrZVN4CmZqeWNoZnQ1enk5bko0TXFLQjAxWFhYZFlBSmhrRjJVbDVUVkQxeWZZenFsWSt5QXpuUE5aOTBka0NkS09UMzYKVzhIOHo0bFI1YVNSZ1B2QS9pRElnaTY1bCtnVTBsTmRwVDZkMVdWaG42emZ2RDFOMk1uSzllTkVPeXhWeGl3WQpMVmp5bG1zL3hRWUFueEZNCi0tLS0tRU5EIENFUlRJRklDQVRFLS0tLS0K\n    server: https://peerasuflixtube-debed225.hcp.southeastasia.azmk8s.io:443\n  name: peerasuflixtube\ncontexts:\n- context:\n    cluster: peerasuflixtube\n    user: clusterUser_peerasuflixtube_peerasuflixtube\n  name: peerasuflixtube\ncurrent-context: peerasuflixtube\nkind: Config\npreferences: {}\nusers:\n- name: clusterUser_peerasuflixtube_peerasuflixtube\n  user:\n    client-certificate-data: LS0tLS1CRUdJTiBDRVJUSUZJQ0FURS0tLS0tCk1JSUZIVENDQXdXZ0F3SUJBZ0lRR2NNbVV3UUlyRVlXS0phSEtXSEJ1akFOQmdrcWhraUc5dzBCQVFzRkFEQU4KTVFzd0NRWURWUVFERXdKallUQWVGdzB5TXpBeU1UY3hOVE0yTVRKYUZ3MHlOVEF5TVRjeE5UUTJNVEphTURBeApGekFWQmdOVkJBb1REbk41YzNSbGJUcHRZWE4wWlhKek1SVXdFd1lEVlFRREV3eHRZWE4wWlhKamJHbGxiblF3CmdnSWlNQTBHQ1NxR1NJYjNEUUVCQVFVQUE0SUNEd0F3Z2dJS0FvSUNBUURRY01LSVJBcnlxWnJxd1VCc3puQ2oKZlNVREhoVGk5MHNBbDdJRVFEY0FsOTZCVjRyV2NrL3NlVlZKMlRMQ01CLzNDTjcvcnJuOXpZb0RWM09wcWhnRwozTFQwejlaKzUxK01VQS9KMXlpVmJMVzdvVGRqbHRpTE00TGcwelNmeVI0VXBvK3M3VjNHMnFYR1E5V1ZpZjA3CmI2aGc1TkEvdk5FK1dHSDZXM21sZG1zb3lTeis4RDY2QVB5YzVKRG82UnFjTnNhVWlSaWpWT29GS0QvUm83R2EKQWl6UGhXYkRCb2NTamRHU01waGVVYi9YVGd1c2pBeVVpY2lnRmpRS2hkTTZBU3EvODlOaUJwM1g2THpPNktYUwp6NlNxYlc4ejBNVzhjemgzMlVvRVZkMlRVa0pNSzJkbkRpK25jUVJxU2lrd3l0S1h0WTU3NjZOUm9KYXVmV0hqCk5jUnJsSG45WGJWWm1GUzhzaFJSelU0MzVuSXBuMDhEVHRWNDdOT3NTV2xoYW01SWFVMVpINktHeXZJWWZoZGEKVTZWb251dlNWWlZ5S0hBb09YMDNoMDEzNnVBaXF0MzlsaGhyemxYbVBjUllCU3NEWjNzNjVqTXhzR2FHbU5FagpNVGZPL2M1MVg3T29yMU55aXNZd1BCMndtWE82WmhPUTNUZXYvYjJoWU1nWXZtOFZPd3F2bnFkTmtGckpjZXB5CkdDem5LMmhPeTZURTM0QkFsQ21YVnBPVjdmdUZCREF1Uk1NaEE2cHllNlFTYzhSS1pUUTVIUTF2NktpNmo3UUgKL0d4WkRKSVNUZElkRlRUdFFSY0JBSVZJZDV4bGE4Z0xJcHhaM25PdGhGS3U4QXhpckhpOGIwNkkvQ1ozL0NOSQoveU10OVB0S1Fabms4eDM2NzBkMjl3SURBUUFCbzFZd1ZEQU9CZ05WSFE4QkFmOEVCQU1DQmFBd0V3WURWUjBsCkJBd3dDZ1lJS3dZQkJRVUhBd0l3REFZRFZSMFRBUUgvQkFJd0FEQWZCZ05WSFNNRUdEQVdnQlROUEoxQmRvOE0KZGNCT1dsUk82cXVvQ3NleG9EQU5CZ2txaGtpRzl3MEJBUXNGQUFPQ0FnRUFydnVrNVJBYTMydlhrZlZEbDVmRQppbW5DZzYvQXJzSmlCNnB5RXBlOFVrMUxNaGVsMVhGRmlUUDU1czY3N3V4azR4Ri96Z3k4WVVWWGZsaTVjNDBsCnJhN2R0N2JlSG96ZHJRQ2Q4QTl1amFndXBEOVFMVWwrWHpwYkdjSDQ4SkU3UVlVNW95VjRhZjNoWjdjUzlER3AKN09mS2d4V1oyS29iK2FSQVpwNTZGK1NneEI5cDM1VDErVUJpSEdBcWpqaHJPV2JqWG5LZkw0S2huaEtDNk91dwpOQmswK3YwYmF6aW9rUU1JM0ZOMld3em56dlRpdEJFaWFucldlb3FlOENDTlBHUkk0NC9ZL29sdlY1Ym03bHZSCnovMlU5ZU9vYmtjU04rS2laSlJwaHZOdEZTb3FxYjcxZm5ORnlLL2FjUE92NVJmRUppaU5mSC9CMlZRYTc3d3YKbmpGZ3RJcTNxQjdtQk5sQWFDbDd0U3JVWTJlYWNldGVPa1pHWXRYOTlvRHBwdXBkQSs0YTRRRzloa1hMUUNLdwpJTFgrYTg0NGo4Qm1MSEhqNGx2QVkzOEVJb3RTc0FObDVQOU45RWtBYm51UzhabUlxWTFXRnVkaDRzUkUzM0RPCmV6YnhockFuRml5UDRWYVhadU03RW1oYm1BamlMZVY3UHdaK2hCOGJ6NWl6YWRXUDNtdG13R2ZpbFUxeHU1V00KYy9xdE1Yak5CcU90eDNTRkhlcWR0bWNuRmpxdzZKMmpIbmZjQUVWVS93elA1ZU9rRHNsRHc5MW54MVZxblRhZwpkRTV6Rlc3YlJBbTRTanE4TlQ0QzB3U0ZUcEZ5bmZHTkJCV0hCVmU4bkVYbWlrcXVLNWhMMk9TT09FeE55RGZlClc4L0ZjdlpXVTJzcWl6SlJsQWlpeiswPQotLS0tLUVORCBDRVJUSUZJQ0FURS0tLS0tCg==\n    client-key-data: LS0tLS1CRUdJTiBSU0EgUFJJVkFURSBLRVktLS0tLQpNSUlKS0FJQkFBS0NBZ0VBMEhEQ2lFUUs4cW1hNnNGQWJNNXdvMzBsQXg0VTR2ZExBSmV5QkVBM0FKZmVnVmVLCjFuSlA3SGxWU2RreXdqQWY5d2plLzY2NS9jMktBMWR6cWFvWUJ0eTA5TS9XZnVkZmpGQVB5ZGNvbFd5MXU2RTMKWTViWWl6T0M0Tk0wbjhrZUZLYVByTzFkeHRxbHhrUFZsWW45TzIrb1lPVFFQN3pSUGxoaCtsdDVwWFpyS01rcwovdkErdWdEOG5PU1E2T2thbkRiR2xJa1lvMVRxQlNnLzBhT3htZ0lzejRWbXd3YUhFbzNSa2pLWVhsRy8xMDRMCnJJd01sSW5Jb0JZMENvWFRPZ0Vxdi9QVFlnYWQxK2k4enVpbDBzK2txbTF2TTlERnZITTRkOWxLQkZYZGsxSkMKVEN0blp3NHZwM0VFYWtvcE1NclNsN1dPZSt1alVhQ1dybjFoNHpYRWE1UjUvVjIxV1poVXZMSVVVYzFPTitaeQpLWjlQQTA3VmVPelRyRWxwWVdwdVNHbE5XUitpaHNyeUdINFhXbE9sYUo3cjBsV1ZjaWh3S0RsOU40ZE5kK3JnCklxcmQvWllZYTg1VjVqM0VXQVVyQTJkN091WXpNYkJtaHBqUkl6RTN6djNPZFYrenFLOVRjb3JHTUR3ZHNKbHoKdW1ZVGtOMDNyLzI5b1dESUdMNXZGVHNLcjU2blRaQmF5WEhxY2hnczV5dG9Uc3VreE4rQVFKUXBsMWFUbGUzNwpoUVF3TGtURElRT3FjbnVrRW5QRVNtVTBPUjBOYitpb3VvKzBCL3hzV1F5U0VrM1NIUlUwN1VFWEFRQ0ZTSGVjClpXdklDeUtjV2Q1enJZUlNydkFNWXF4NHZHOU9pUHdtZC93alNQOGpMZlQ3U2tHWjVQTWQrdTlIZHZjQ0F3RUEKQVFLQ0FnQlFhbkJpcWYyZlNSZmZZZGM5SXhnSnV3cEFmYWFKT2ViUnY3U0tOMHdCQ3BacFNDRGtRdzNhcWFUaAo3TTNNWlV5dnZkaHF4RG8xVk1yZUp5c1VWZThYRnFjcG05V2crQnJBdzFLVUNGSTc4OGpaTG9WMEFvcGdpZXNBCldmdC9lZFFGRzQxcXBkajhFdmJKMnZuWHkzakxLWFRJalA1YTJMblJWNy9WR3QxL25JUVRKQ29iNFF3U0xyZEcKd0ZlM3c5YmtWYTJmT0pVc3ptSEt3NUI3aksvRVB2cVN4V0N6OVJ5L1o3OW1xK1prM1IwcUw0NEpiNjZhejkxNwpCWlhtU1dNSWlkSzRZNVUxeUYrMUlMRlhFaUtIaGx4ODgrTm5GakJ6Vi9COUxIT0Y0S3F2WDVqOFVmSitxOVp1CnZ3ZDVDa3VCNjMzNzBhdTYyMW9TNytXeVErVXpWUmpKQWRGMnBWQjVxTjcvRVVtTVpYYzV5ZmtZWTM0N29RcGwKZlJLeGV4ZzZOb2R4R0R5K2JsSzBKMkxpaWdBb3hEU2ZZaXovWFFYMExoa2dnMzNRSVp3ZWs0UmhvSGNOclB2eQpmMHBKSkswTHUzZHJKYWdYWjhxbVdzZTFHSUtaUmZCSnYzS1p3cVdrK3kzMEt6YTJIc2RHVnZwUG9aZ1lTT2FICnl0MVdja0RPNlhjSis1dTZjNGZPTVFrZ215N21udFBORlBZRXR0Qm9URDNCTWppL0NrTVRsMUZMbHE1ZXJlY2oKR1haSU1ISlRjZlBhTWgzSmNNenA5RHRpNUMwdzdGM0wvYkd3Umx0MFN6VUQ2djNBayt1M0RMVnQvTlFUNzhYSwpmTmJPWG15d0Nqd255c3FvOGlDWDZTMnJqWGZ1UVBoeHgvUnlxQXhOQm45Z2lTOUlBUUtDQVFFQTVjdG9ET2hZClpVV01kd3ZpNjBPZlBvbWEwdjREMjhLU3VRckNDNmdVTlBlWW1zUEM3R0FrRmp5d0p5SVpZWHBSYjcvWmxiN28KaUt0c25NYVVVTjdCZmY4VHk1Zmt1ajNRV0hNTk5CbXBadEV5Smprc0poYXR4MElBdzlvTkxzakNXTzZiTFRSYwp0ODRGS3JwVDJnSkNIcTNjRnd4QzMzVGora2ZJU1RMc0RWWVFTcWowb1UxZ3AzS3BDMk85c01GNWtrZmdFKy9ZCjhnYkpZQUtSVGJ0VVFCcjJ6bTkxZlFlRkVIMFl6WXFJZERYMzJjV1p6SjBjanllUzRweEFnWTl2YmdId2tZMGQKZDhiazA1QWNUYk0vNTBwMGFPSEpCRGlXdyt4SEN4eFhUdWYwQVdTRmU0bmgxbzh6YmtzSnNUSmI2QmNaUTFBMApHT2V5Vk11aEdBazdBUUtDQVFFQTZEWHg0ci91WG1KSTRsZFBUZlVNbzdYV3NmdFA5WFZkSEswMGIwaGRHQWdiClhOVUNlVmdQT0IrTHhsNWY4Q2hkNzdWb2tyV1Z2aDVMZlFkWllVa0NrN0VneGtZZjF3WFpzR2dFZFJiRlZidWUKVC8wU3g0bEdJQzFGY1doNG1odjJVeHM4K0hOSkFBZm55dUJUU2I2eE1DSTRqOWZ6QXRYNnJUOEk4UW1LY05EQQpJd212MG13TGRiUmNxZjBsRUZlbUlQRyszMk1qODJkNmY4dE85Mitxc2xWOVNCUWNhRHpRN280SDRhQzZTdUNqCmgybWJyWndqVlFNZDd2TkJFNGRTMXhYaGxKa3FpZDNBZ3Y5WHAwWDl3Q0NEaWhZOEoyTTRqWkczV2FBMFFkd2wKUVdVajM4bHZRNDk3citiTnpONitsa1ZIaEhLa3kyOXhaODRCeWN5Sjl3S0NBUUVBeW5MYnBwT0VYU1JhemY3UQoya2huSVdlRjJXRWs4UldJd2pGeUoyYmE5cGMwQVJWNncxa29NZGNoc2poZWQveVZob2hWSDVKanR4U2Z5YmRCCnI4V3dYbHE5aTk2MENraXZKMTJsUWtOaGRVM1Vpc3hQMHZhai95cHRGaDhqQWhhbzhrUzB2YXltQ3VFY3VEb1QKNmJ1WG1RTy9KU2NPTzJQMS9lZ0Qwa2xrb1pNekl6T2E0Z2tUb0RKcUw3aWR3LzJRSjRuZkpuRm1oa1BvWWdlaApFQVI4QTBZK0xqMFFHeWptMkZIOTZnZWtsQTEvNElJd0w0NHpQUU8yYXFNU1NaS2VyeUpTV1VranJ3U3hVSnBqCjlTaDRva0o4TUhMSzhFY1N2R1dMYVlSOGZ1M25rTnFJcHdBZzBUQzBOUFV6QXNQRktNSkE1WWJoZnhlUml4Y2oKUTlQT0FRS0NBUUJjNEw3SUNDYXFmN3RSTk1UV2xJNGlxT2VmdHJwTG5rN0kyb3BmZkYwbjhJNHBPbFhML1NuUgpNK1R2U2U0cm02bSs2QnRVbXVheTdXRWFPQ2RLM3kzMXJ1SkNDK2hPVTl1M1VGT0FGY1NHUHczYVJvb05YMTI2Ckh3Rm9rL1d4QmtBbkMzeitqdllDMmlhZkljeU9jWVJqa1R4NFpGS2hycjZlTHRrL3Q2WTA2M24rU2JDV2hIcXMKOEtBanFjbjZXR1J0UnVRbWEzd0VyajMwQVhpclJYSEw5Sit3aGNLNitxQkMybkpTajd3VG1QZ3ZnRkV4Um9ObgpUR0RibzFaREhseEhCVXg5NkNsNGpVYWozc2ZMY3haRWszeXBiYTFQdjhMdDlQdVdFSnIyUUx4eUJLY3RxbDhqCmNhOXlNdW5iNkxmb1dQdDdBWFBpbnNlSVVvQ3FtM0lQQW9JQkFCRE53Y1oyZThZRS9pVEFoR09BOVJkam5mdjYKSk50VXZ6dE9Id0tybVVZTXg5SEY4VE05UVIxdngrSEhxaHY1dVdML0xVelJFemJRUmU4cjBYVDR2Y0dZRUsyRwp4ZlVmZUNxdFVURUVldkpDQWlPWkZXaEFzWXl5R2M2RGcvNndQZENiNGYyWWpEVTVTa0p0N09uN2tpQjJuRmJ0CmhQcGV4RWRGajRoZ3BObnlpQm5Jb1EvemRHYkt4NTYzMndiUk9VSk1sditTcXF3TDFjdWl5WVZiNkVVOGlHTjUKK0Y1MWN4NDVScE5CSDgycU9PTlB2T0V0YjU1VGw5c3dlc25rN3FVc0pHZ0cxb0EyRmZwUnpNRUh6aHRxYnU3bwpvdEgrWTUveTJZRTMvS1Zqa0llL3BpQTMvUmVOVHF6NjhSQjR4aGQ3ZXY0ZUpUNkQydkw0eWZjVDdiWT0KLS0tLS1FTkQgUlNBIFBSSVZBVEUgS0VZLS0tLS0K\n    token: 4874ea5458bb041ad4b22735124ca71d28553b0ca5897d455eb45a19de6d8af21e9f59e62715aa5644a944021898c3db129e5613f96f4e5fc29ad5cf5189bfce\n",
            "kubelet_identity": [],
            "kubernetes_version": "1.25.4",
            "linux_profile": [
              {
                "admin_username": "linux_admin",
                "ssh_key": [
                  {
                    "key_data": "ssh-rsa AAAAB3NzaC1yc2EAAAADAQABAAABAQCpsT192ptSYMaE+dU7D0wtC7HnM3u/Jlo0ytFjICubSxsb1EukRWWcV6SJHOKFp5EfcwqiPWnaPZTUnUUhNdEThuCzjnZ65SCSVjpVwQQKXWzCeAMJxBPxCg934K+8oyEZh0Vja7D5JBf4Qd1wgoEicqmjRSn3ifDcKeqddrWs7s8lnrZSb3R84sYJHY1pztPu5k8zkkGvtn9d2DMX3MeZysnzbkFp5MrQOrifJW62dj0rycimEdruwUV6IEYLpLSWrOk54n1Es2JvbV2/9woEat1O+vFa2rolsMX6AlUnMsZWh7Y9R+E1Tj4uz9gkR6R5bWFtqhLZPgbAtjS6e6tn linux_admin@azure.com"
                  }
                ]
              }
            ],
            "local_account_disabled": false,
            "location": "southeastasia",
            "maintenance_window": [],
            "name": "peerasuflixtube",
            "network_profile": [
              {
                "dns_service_ip": "10.0.0.10",
                "docker_bridge_cidr": "172.17.0.1/16",
                "load_balancer_profile": [
                  {
                    "effective_outbound_ips": [
                      "/subscriptions/b471f086-db54-4713-98b7-6a31af0081c5/resourceGroups/MC_peerasuflixtube_peerasuflixtube_southeastasia/providers/Microsoft.Network/publicIPAddresses/de7764b2-f1f9-4a6b-9cd9-413cf82e30ad"
                    ],
                    "idle_timeout_in_minutes": 0,
                    "managed_outbound_ip_count": 1,
                    "outbound_ip_address_ids": [],
                    "outbound_ip_prefix_ids": [],
                    "outbound_ports_allocated": 0
                  }
                ],
                "load_balancer_sku": "standard",
                "nat_gateway_profile": [],
                "network_mode": "",
                "network_plugin": "kubenet",
                "network_policy": "",
                "outbound_type": "loadBalancer",
                "pod_cidr": "10.244.0.0/16",
                "service_cidr": "10.0.0.0/16"
              }
            ],
            "node_resource_group": "MC_peerasuflixtube_peerasuflixtube_southeastasia",
            "oms_agent": [],
            "open_service_mesh_enabled": false,
            "portal_fqdn": "peerasuflixtube-debed225.portal.hcp.southeastasia.azmk8s.io",
            "private_cluster_enabled": false,
            "private_cluster_public_fqdn_enabled": false,
            "private_dns_zone_id": "",
            "private_fqdn": "",
            "public_network_access_enabled": true,
            "resource_group_name": "peerasuflixtube",
            "role_based_access_control_enabled": true,
            "service_principal": [
              {
                "client_id": "6b0dfe8e-37fd-4e93-9b26-1236d39d6db8",
                "client_secret": "wy48Q~XCurLXJvvsxU7VoX9AkQXSM5qi9TVfcc6R"
              }
            ],
            "sku_tier": "Free",
            "tags": {},
            "timeouts": null,
            "windows_profile": []
          },
          "sensitive_attributes": [],
          "private": "eyJlMmJmYjczMC1lY2FhLTExZTYtOGY4OC0zNDM2M2JjN2M0YzAiOnsiY3JlYXRlIjo1NDAwMDAwMDAwMDAwLCJkZWxldGUiOjU0MDAwMDAwMDAwMDAsInJlYWQiOjMwMDAwMDAwMDAwMCwidXBkYXRlIjo1NDAwMDAwMDAwMDAwfSwic2NoZW1hX3ZlcnNpb24iOiIyIn0=",
          "dependencies": [
            "azurerm_resource_group.flixtube",
            "tls_private_key.key"
          ]
        }
      ]
    },
    {
      "mode": "managed",
      "type": "azurerm_resource_group",
      "name": "flixtube",
      "provider": "provider[\"registry.terraform.io/hashicorp/azurerm\"]",
      "instances": [
        {
          "schema_version": 0,
          "attributes": {
            "id": "/subscriptions/b471f086-db54-4713-98b7-6a31af0081c5/resourceGroups/peerasuflixtube",
            "location": "southeastasia",
            "name": "peerasuflixtube",
            "tags": {},
            "timeouts": null
          },
          "sensitive_attributes": [],
          "private": "eyJlMmJmYjczMC1lY2FhLTExZTYtOGY4OC0zNDM2M2JjN2M0YzAiOnsiY3JlYXRlIjo1NDAwMDAwMDAwMDAwLCJkZWxldGUiOjU0MDAwMDAwMDAwMDAsInJlYWQiOjMwMDAwMDAwMDAwMCwidXBkYXRlIjo1NDAwMDAwMDAwMDAwfX0="
        }
      ]
    },
    {
      "mode": "managed",
      "type": "kubernetes_deployment",
      "name": "database",
      "provider": "provider[\"registry.terraform.io/hashicorp/kubernetes\"]",
      "instances": [
        {
          "schema_version": 0,
          "attributes": {
            "id": "default/database",
            "metadata": [
              {
                "annotations": {},
                "generate_name": "",
                "generation": 1,
                "labels": {
                  "pod": "database"
                },
                "name": "database",
                "namespace": "default",
                "resource_version": "1332",
                "self_link": "",
                "uid": "3670e25a-5dd8-4184-a63c-0a3fc4f11753"
              }
            ],
            "spec": [
              {
                "min_ready_seconds": 0,
                "paused": false,
                "progress_deadline_seconds": 600,
                "replicas": 1,
                "revision_history_limit": 10,
                "selector": [
                  {
                    "match_expressions": [],
                    "match_labels": {
                      "pod": "database"
                    }
                  }
                ],
                "strategy": [
                  {
                    "rolling_update": [
                      {
                        "max_surge": "25%",
                        "max_unavailable": "25%"
                      }
                    ],
                    "type": "RollingUpdate"
                  }
                ],
                "template": [
                  {
                    "metadata": [
                      {
                        "annotations": {},
                        "generate_name": "",
                        "generation": 0,
                        "labels": {
                          "pod": "database"
                        },
                        "name": "",
                        "namespace": "",
                        "resource_version": "",
                        "self_link": "",
                        "uid": ""
                      }
                    ],
                    "spec": [
                      {
                        "active_deadline_seconds": 0,
                        "affinity": [],
                        "automount_service_account_token": false,
                        "container": [
                          {
                            "args": [],
                            "command": [],
                            "env": [],
                            "env_from": [],
                            "image": "mongo:3.4",
                            "image_pull_policy": "IfNotPresent",
                            "lifecycle": [],
                            "liveness_probe": [],
                            "name": "database",
                            "port": [
                              {
                                "container_port": 27017,
                                "host_ip": "",
                                "host_port": 0,
                                "name": "",
                                "protocol": "TCP"
                              }
                            ],
                            "readiness_probe": [],
                            "resources": [
                              {
                                "limits": [],
                                "requests": []
                              }
                            ],
                            "security_context": [],
                            "stdin": false,
                            "stdin_once": false,
                            "termination_message_path": "/dev/termination-log",
                            "tty": false,
                            "volume_mount": [],
                            "working_dir": ""
                          }
                        ],
                        "dns_config": [],
                        "dns_policy": "ClusterFirst",
                        "host_aliases": [],
                        "host_ipc": false,
                        "host_network": false,
                        "host_pid": false,
                        "hostname": "",
                        "image_pull_secrets": [],
                        "init_container": [],
                        "node_name": "",
                        "node_selector": {},
                        "priority_class_name": "",
                        "restart_policy": "Always",
                        "security_context": [],
                        "service_account_name": "",
                        "share_process_namespace": false,
                        "subdomain": "",
                        "termination_grace_period_seconds": 30,
                        "toleration": [],
                        "volume": []
                      }
                    ]
                  }
                ]
              }
            ],
            "timeouts": null
          },
          "sensitive_attributes": [],
          "private": "eyJlMmJmYjczMC1lY2FhLTExZTYtOGY4OC0zNDM2M2JjN2M0YzAiOnsiY3JlYXRlIjo2MDAwMDAwMDAwMDAsImRlbGV0ZSI6NjAwMDAwMDAwMDAwLCJ1cGRhdGUiOjYwMDAwMDAwMDAwMH19",
          "dependencies": [
            "azurerm_kubernetes_cluster.cluster",
            "azurerm_resource_group.flixtube",
            "tls_private_key.key"
          ]
        }
      ]
    },
    {
      "mode": "managed",
      "type": "kubernetes_deployment",
      "name": "rabbit",
      "provider": "provider[\"registry.terraform.io/hashicorp/kubernetes\"]",
      "instances": [
        {
          "schema_version": 0,
          "attributes": {
            "id": "default/rabbit",
            "metadata": [
              {
                "annotations": {},
                "generate_name": "",
                "generation": 1,
                "labels": {
                  "pod": "rabbit"
                },
                "name": "rabbit",
                "namespace": "default",
                "resource_version": "1475",
                "self_link": "",
                "uid": "a7fac758-a028-48eb-a4a5-ee535d732563"
              }
            ],
            "spec": [
              {
                "min_ready_seconds": 0,
                "paused": false,
                "progress_deadline_seconds": 600,
                "replicas": 1,
                "revision_history_limit": 10,
                "selector": [
                  {
                    "match_expressions": [],
                    "match_labels": {
                      "pod": "rabbit"
                    }
                  }
                ],
                "strategy": [
                  {
                    "rolling_update": [
                      {
                        "max_surge": "25%",
                        "max_unavailable": "25%"
                      }
                    ],
                    "type": "RollingUpdate"
                  }
                ],
                "template": [
                  {
                    "metadata": [
                      {
                        "annotations": {},
                        "generate_name": "",
                        "generation": 0,
                        "labels": {
                          "pod": "rabbit"
                        },
                        "name": "",
                        "namespace": "",
                        "resource_version": "",
                        "self_link": "",
                        "uid": ""
                      }
                    ],
                    "spec": [
                      {
                        "active_deadline_seconds": 0,
                        "affinity": [],
                        "automount_service_account_token": false,
                        "container": [
                          {
                            "args": [],
                            "command": [],
                            "env": [],
                            "env_from": [],
                            "image": "rabbitmq:3.8.1-management",
                            "image_pull_policy": "IfNotPresent",
                            "lifecycle": [],
                            "liveness_probe": [],
                            "name": "rabbit",
                            "port": [
                              {
                                "container_port": 5672,
                                "host_ip": "",
                                "host_port": 0,
                                "name": "",
                                "protocol": "TCP"
                              }
                            ],
                            "readiness_probe": [],
                            "resources": [
                              {
                                "limits": [],
                                "requests": []
                              }
                            ],
                            "security_context": [],
                            "stdin": false,
                            "stdin_once": false,
                            "termination_message_path": "/dev/termination-log",
                            "tty": false,
                            "volume_mount": [],
                            "working_dir": ""
                          }
                        ],
                        "dns_config": [],
                        "dns_policy": "ClusterFirst",
                        "host_aliases": [],
                        "host_ipc": false,
                        "host_network": false,
                        "host_pid": false,
                        "hostname": "",
                        "image_pull_secrets": [],
                        "init_container": [],
                        "node_name": "",
                        "node_selector": {},
                        "priority_class_name": "",
                        "restart_policy": "Always",
                        "security_context": [],
                        "service_account_name": "",
                        "share_process_namespace": false,
                        "subdomain": "",
                        "termination_grace_period_seconds": 30,
                        "toleration": [],
                        "volume": []
                      }
                    ]
                  }
                ]
              }
            ],
            "timeouts": null
          },
          "sensitive_attributes": [],
          "private": "eyJlMmJmYjczMC1lY2FhLTExZTYtOGY4OC0zNDM2M2JjN2M0YzAiOnsiY3JlYXRlIjo2MDAwMDAwMDAwMDAsImRlbGV0ZSI6NjAwMDAwMDAwMDAwLCJ1cGRhdGUiOjYwMDAwMDAwMDAwMH19",
          "dependencies": [
            "azurerm_kubernetes_cluster.cluster",
            "azurerm_resource_group.flixtube",
            "tls_private_key.key"
          ]
        }
      ]
    },
    {
      "mode": "managed",
      "type": "kubernetes_service",
      "name": "database",
      "provider": "provider[\"registry.terraform.io/hashicorp/kubernetes\"]",
      "instances": [
        {
          "schema_version": 0,
          "attributes": {
            "id": "default/db",
            "load_balancer_ingress": [],
            "metadata": [
              {
                "annotations": {},
                "generate_name": "",
                "generation": 0,
                "labels": {},
                "name": "db",
                "namespace": "default",
                "resource_version": "1367",
                "self_link": "",
                "uid": "a2f1b0e5-cb79-44bb-bbc8-bd3bed91e2b7"
              }
            ],
            "spec": [
              {
                "cluster_ip": "10.0.138.43",
                "external_ips": [],
                "external_name": "",
                "external_traffic_policy": "",
                "load_balancer_ip": "",
                "load_balancer_source_ranges": [],
                "port": [
                  {
                    "name": "",
                    "node_port": 0,
                    "port": 27017,
                    "protocol": "TCP",
                    "target_port": "27017"
                  }
                ],
                "publish_not_ready_addresses": false,
                "selector": {
                  "pod": "database"
                },
                "session_affinity": "None",
                "type": "ClusterIP"
              }
            ],
            "timeouts": null
          },
          "sensitive_attributes": [],
          "private": "eyJlMmJmYjczMC1lY2FhLTExZTYtOGY4OC0zNDM2M2JjN2M0YzAiOnsiY3JlYXRlIjo2MDAwMDAwMDAwMDB9fQ==",
          "dependencies": [
            "azurerm_kubernetes_cluster.cluster",
            "azurerm_resource_group.flixtube",
            "kubernetes_deployment.database",
            "tls_private_key.key"
          ]
        }
      ]
    },
    {
      "mode": "managed",
      "type": "kubernetes_service",
      "name": "rabbit",
      "provider": "provider[\"registry.terraform.io/hashicorp/kubernetes\"]",
      "instances": [
        {
          "schema_version": 0,
          "attributes": {
            "id": "default/rabbit",
            "load_balancer_ingress": [],
            "metadata": [
              {
                "annotations": {},
                "generate_name": "",
                "generation": 0,
                "labels": {},
                "name": "rabbit",
                "namespace": "default",
                "resource_version": "1495",
                "self_link": "",
                "uid": "82426fcf-f8f6-4fcf-9131-487b93366e91"
              }
            ],
            "spec": [
              {
                "cluster_ip": "10.0.163.126",
                "external_ips": [],
                "external_name": "",
                "external_traffic_policy": "",
                "load_balancer_ip": "",
                "load_balancer_source_ranges": [],
                "port": [
                  {
                    "name": "",
                    "node_port": 0,
                    "port": 5672,
                    "protocol": "TCP",
                    "target_port": "5672"
                  }
                ],
                "publish_not_ready_addresses": false,
                "selector": {
                  "pod": "rabbit"
                },
                "session_affinity": "None",
                "type": "ClusterIP"
              }
            ],
            "timeouts": null
          },
          "sensitive_attributes": [],
          "private": "eyJlMmJmYjczMC1lY2FhLTExZTYtOGY4OC0zNDM2M2JjN2M0YzAiOnsiY3JlYXRlIjo2MDAwMDAwMDAwMDB9fQ==",
          "dependencies": [
            "azurerm_kubernetes_cluster.cluster",
            "azurerm_resource_group.flixtube",
            "kubernetes_deployment.rabbit",
            "tls_private_key.key"
          ]
        }
      ]
    },
    {
      "mode": "managed",
      "type": "tls_private_key",
      "name": "key",
      "provider": "provider[\"registry.terraform.io/hashicorp/tls\"]",
      "instances": [
        {
          "schema_version": 0,
          "attributes": {
            "algorithm": "RSA",
            "ecdsa_curve": "P224",
            "id": "3f84078ef16188d5ab7986a4f6cf5f71d55ba6c8",
            "private_key_pem": "-----BEGIN RSA PRIVATE KEY-----\nMIIEowIBAAKCAQEAqbE9fdqbUmDGhPnVOw9MLQux5zN7vyZaNMrRYyArm0sbG9RL\npEVlnFekiRzihaeRH3MKoj1p2j2U1J1FITXRE4bgs452euUgklY6VcEECl1swngD\nCcQT8QoPd+CvvKMhGYdFY2uw+SQX+EHdcIKBInKpo0Up94nw3CnqnXa1rO7PJZ62\nUm90fOLGCR2Nac7T7uZPM5JBr7Z/XdgzF9zHmcrJ825BaeTK0Dq4nyVutnY9K8nI\nphHa7sFFeiBGC6S0lqzpOeJ9RLNib21dv/cKBGrdTvrxWtq6JbDF+gJVJzLGVoe2\nPUfhNU4+Ls/YJEekeW1hbaoS2T4GwLY0unurZwIDAQABAoIBAHE9G8HengPtHM0k\nQ000OitdQIz+6Dd5Cn1sUyqJD1CEYETD+O5YeSRJwDzXj7qNReTsyk3WGctPiQAR\nK06sMSeMvGpWSW5ddMzyyd7r/RxFmAx2NeDQflY91nCy+dMyMSZuBLoB5Yl8spoy\nqekozbAFQHr57rWH0bm6JxyJWVdatv3gknuLf97v99k1V7UieYhm6dr4OBzbNNZd\nQgl+bmxqm5D+lG9nvDRklQR6IY0MHEG3GIiTdQsPeCv+UD41xL8hYm4LkzYZZDxJ\nuGCdla1y5QfUO1wGgVwMigrqd4udyeg0rqAwLTcdx/elRgjH9f0jJc5Sd1K0FjPm\n/BhdNJECgYEAwn+AG9ZUhPGuSFgmwA3SdR7SzDF+U0XFQXZYUiqwLJrWdm5JAyql\nRq8ZOndsS0xbtD4QstMWIsFLCC/OWL7kqcM5K/joHfVz29aO1OUTa7YygB8s/EGj\nWSKt4/+RD3o4Wv8XVSV75TFMokKV7Sx1DkNGuTLCwdp3791OPROkaC0CgYEA31m7\npxG7+IhEenQFfUGby1U1ChvzQBaXbSskj4K37r5rKl8wqTQdFnTJEn14pL9/XF9M\nOBfGRFIaKtHQy7t86G/V1gGMeFRiUULkblwc3VSq3mTplE1oVIFa9HqP+jAFJVU5\nDuRc1yFupJzhM/k0PkLVu1zXSpik5/RW4v4QKmMCgYAMDhcEoq4uZ0RkG4KbWL/4\nnmZ2XYL06lgljI5A2YB940LzqDZCSfxgey3XH9vIdv0gGNC0JL00fkKGSWBCw+Is\nW3tJrG3GnZYGxC+qJmCjxnEu27/QCslzFuEsRoTZLrwbd8AceOxK8llLnVDpmF3Q\n+n6BsBG+LipM5ayZwIPqKQKBgBgMATgroKFRio3kj/K8bZmmwt8jwzzTMdp/GqCY\n4lTCC6e0N/j/s2IHkN58w9B5Da1UVVB0vtP8QvT5QhGtTfV4lP1FjWonK660FQQM\nxs7Nntfy5XMiIml2w+QujfHR2bv7QPlpfNVstAzlFxoRap6Jc5mIlWViqd6PYAtw\nby0hAoGBAIihwHM2IpO+3M53oXG1grBE8W9oQfwmjKqOTVmY8ivWbBMofQWqVco0\nybbUvZOuB6Lopdg+dQIPvJLAbtE02SlGRBqYevPUaoSRl8kh9qRigm10jwiel3yA\nDpY20HYssxQfvqx0UHvnIU6A9nIGUcJXICJxTRbMFK3ip6r+xyh/\n-----END RSA PRIVATE KEY-----\n",
            "public_key_fingerprint_md5": "b8:3b:4f:60:f1:66:26:1b:ed:b6:77:1e:37:5c:da:9a",
            "public_key_openssh": "ssh-rsa AAAAB3NzaC1yc2EAAAADAQABAAABAQCpsT192ptSYMaE+dU7D0wtC7HnM3u/Jlo0ytFjICubSxsb1EukRWWcV6SJHOKFp5EfcwqiPWnaPZTUnUUhNdEThuCzjnZ65SCSVjpVwQQKXWzCeAMJxBPxCg934K+8oyEZh0Vja7D5JBf4Qd1wgoEicqmjRSn3ifDcKeqddrWs7s8lnrZSb3R84sYJHY1pztPu5k8zkkGvtn9d2DMX3MeZysnzbkFp5MrQOrifJW62dj0rycimEdruwUV6IEYLpLSWrOk54n1Es2JvbV2/9woEat1O+vFa2rolsMX6AlUnMsZWh7Y9R+E1Tj4uz9gkR6R5bWFtqhLZPgbAtjS6e6tn\n",
            "public_key_pem": "-----BEGIN PUBLIC KEY-----\nMIIBIjANBgkqhkiG9w0BAQEFAAOCAQ8AMIIBCgKCAQEAqbE9fdqbUmDGhPnVOw9M\nLQux5zN7vyZaNMrRYyArm0sbG9RLpEVlnFekiRzihaeRH3MKoj1p2j2U1J1FITXR\nE4bgs452euUgklY6VcEECl1swngDCcQT8QoPd+CvvKMhGYdFY2uw+SQX+EHdcIKB\nInKpo0Up94nw3CnqnXa1rO7PJZ62Um90fOLGCR2Nac7T7uZPM5JBr7Z/XdgzF9zH\nmcrJ825BaeTK0Dq4nyVutnY9K8nIphHa7sFFeiBGC6S0lqzpOeJ9RLNib21dv/cK\nBGrdTvrxWtq6JbDF+gJVJzLGVoe2PUfhNU4+Ls/YJEekeW1hbaoS2T4GwLY0unur\nZwIDAQAB\n-----END PUBLIC KEY-----\n",
            "rsa_bits": 2048
          },
          "sensitive_attributes": [],
          "private": "bnVsbA=="
        }
      ]
    },
    {
      "module": "module.azure-storage-microservice",
      "mode": "managed",
      "type": "kubernetes_deployment",
      "name": "service_deployment",
      "provider": "provider[\"registry.terraform.io/hashicorp/kubernetes\"]",
      "instances": [
        {
          "schema_version": 0,
          "attributes": {
            "id": "default/azure-storage",
            "metadata": [
              {
                "annotations": {},
                "generate_name": "",
                "generation": 1,
                "labels": {
                  "pod": "azure-storage"
                },
                "name": "azure-storage",
                "namespace": "default",
                "resource_version": "1555",
                "self_link": "",
                "uid": "da420ea8-b185-439c-a46f-d166af5c32a5"
              }
            ],
            "spec": [
              {
                "min_ready_seconds": 0,
                "paused": false,
                "progress_deadline_seconds": 600,
                "replicas": 1,
                "revision_history_limit": 10,
                "selector": [
                  {
                    "match_expressions": [],
                    "match_labels": {
                      "pod": "azure-storage"
                    }
                  }
                ],
                "strategy": [
                  {
                    "rolling_update": [
                      {
                        "max_surge": "25%",
                        "max_unavailable": "25%"
                      }
                    ],
                    "type": "RollingUpdate"
                  }
                ],
                "template": [
                  {
                    "metadata": [
                      {
                        "annotations": {},
                        "generate_name": "",
                        "generation": 0,
                        "labels": {
                          "pod": "azure-storage"
                        },
                        "name": "",
                        "namespace": "",
                        "resource_version": "",
                        "self_link": "",
                        "uid": ""
                      }
                    ],
                    "spec": [
                      {
                        "active_deadline_seconds": 0,
                        "affinity": [],
                        "automount_service_account_token": false,
                        "container": [
                          {
                            "args": [],
                            "command": [],
                            "env": [
                              {
                                "name": "PORT",
                                "value": "80",
                                "value_from": []
                              },
                              {
                                "name": "STORAGE_ACCESS_KEY",
                                "value": "+1SSP+fZ5l3UhTmHIrdQweaQ7wbpNZkeUFkdQ02TsDYvUjQ8ESAQ+Die3x0JKXlcTO5KQKxuuumo+AStAhgeqA==",
                                "value_from": []
                              },
                              {
                                "name": "STORAGE_ACCOUNT_NAME",
                                "value": "peerasuflixtube",
                                "value_from": []
                              }
                            ],
                            "env_from": [],
                            "image": "peerasuflixtube.azurecr.io/azure-storage:1",
                            "image_pull_policy": "IfNotPresent",
                            "lifecycle": [],
                            "liveness_probe": [],
                            "name": "azure-storage",
                            "port": [],
                            "readiness_probe": [],
                            "resources": [
                              {
                                "limits": [],
                                "requests": []
                              }
                            ],
                            "security_context": [],
                            "stdin": false,
                            "stdin_once": false,
                            "termination_message_path": "/dev/termination-log",
                            "tty": false,
                            "volume_mount": [],
                            "working_dir": ""
                          }
                        ],
                        "dns_config": [],
                        "dns_policy": "ClusterFirst",
                        "host_aliases": [],
                        "host_ipc": false,
                        "host_network": false,
                        "host_pid": false,
                        "hostname": "",
                        "image_pull_secrets": [
                          {
                            "name": "azure-storage-docker-credentials"
                          }
                        ],
                        "init_container": [],
                        "node_name": "",
                        "node_selector": {},
                        "priority_class_name": "",
                        "restart_policy": "Always",
                        "security_context": [],
                        "service_account_name": "",
                        "share_process_namespace": false,
                        "subdomain": "",
                        "termination_grace_period_seconds": 30,
                        "toleration": [],
                        "volume": []
                      }
                    ]
                  }
                ]
              }
            ],
            "timeouts": null
          },
          "sensitive_attributes": [],
          "private": "eyJlMmJmYjczMC1lY2FhLTExZTYtOGY4OC0zNDM2M2JjN2M0YzAiOnsiY3JlYXRlIjo2MDAwMDAwMDAwMDAsImRlbGV0ZSI6NjAwMDAwMDAwMDAwLCJ1cGRhdGUiOjYwMDAwMDAwMDAwMH19",
          "dependencies": [
            "azurerm_container_registry.container_registry",
            "azurerm_kubernetes_cluster.cluster",
            "azurerm_resource_group.flixtube",
            "module.azure-storage-microservice.kubernetes_secret.docker_credentials",
            "module.azure-storage-microservice.null_resource.docker_build",
            "module.azure-storage-microservice.null_resource.docker_login",
            "module.azure-storage-microservice.null_resource.docker_push",
            "tls_private_key.key"
          ]
        }
      ]
    },
    {
      "module": "module.azure-storage-microservice",
      "mode": "managed",
      "type": "kubernetes_secret",
      "name": "docker_credentials",
      "provider": "provider[\"registry.terraform.io/hashicorp/kubernetes\"]",
      "instances": [
        {
          "schema_version": 0,
          "attributes": {
            "data": {
              ".dockerconfigjson": "{\"auths\":{\"peerasuflixtube.azurecr.io\":{\"auth\":\"cGVlcmFzdWZsaXh0dWJlOncxQjlaM2EzUFVrdE5NVzJRTFpOQ0tRS3lIdTFpWk15bWZkVm9BRUtWSCtBQ1JESW80K1o=\"}}}"
            },
            "id": "default/azure-storage-docker-credentials",
            "metadata": [
              {
                "annotations": {},
                "generate_name": "",
                "generation": 0,
                "labels": {},
                "name": "azure-storage-docker-credentials",
                "namespace": "default",
                "resource_version": "1190",
                "self_link": "",
                "uid": "8610bf2c-2ae1-40d1-9e5c-ef816f7bbf0a"
              }
            ],
            "type": "kubernetes.io/dockerconfigjson"
          },
          "sensitive_attributes": [
            [
              {
                "type": "get_attr",
                "value": "data"
              },
              {
                "type": "index",
                "value": {
                  "value": ".dockerconfigjson",
                  "type": "string"
                }
              }
            ]
          ],
          "private": "bnVsbA==",
          "dependencies": [
            "azurerm_container_registry.container_registry",
            "azurerm_kubernetes_cluster.cluster",
            "azurerm_resource_group.flixtube",
            "tls_private_key.key"
          ]
        }
      ]
    },
    {
      "module": "module.azure-storage-microservice",
      "mode": "managed",
      "type": "kubernetes_service",
      "name": "service",
      "provider": "provider[\"registry.terraform.io/hashicorp/kubernetes\"]",
      "instances": [
        {
          "schema_version": 0,
          "attributes": {
            "id": "default/video-storage",
            "load_balancer_ingress": [],
            "metadata": [
              {
                "annotations": {},
                "generate_name": "",
                "generation": 0,
                "labels": {},
                "name": "video-storage",
                "namespace": "default",
                "resource_version": "1576",
                "self_link": "",
                "uid": "33d8ec4a-98d9-4554-95f1-bc2a2109dfaa"
              }
            ],
            "spec": [
              {
                "cluster_ip": "10.0.197.2",
                "external_ips": [],
                "external_name": "",
                "external_traffic_policy": "",
                "load_balancer_ip": "",
                "load_balancer_source_ranges": [],
                "port": [
                  {
                    "name": "",
                    "node_port": 0,
                    "port": 80,
                    "protocol": "TCP",
                    "target_port": "80"
                  }
                ],
                "publish_not_ready_addresses": false,
                "selector": {
                  "pod": "azure-storage"
                },
                "session_affinity": "None",
                "type": "ClusterIP"
              }
            ],
            "timeouts": null
          },
          "sensitive_attributes": [],
          "private": "eyJlMmJmYjczMC1lY2FhLTExZTYtOGY4OC0zNDM2M2JjN2M0YzAiOnsiY3JlYXRlIjo2MDAwMDAwMDAwMDB9fQ==",
          "dependencies": [
            "azurerm_kubernetes_cluster.cluster",
            "module.azure-storage-microservice.kubernetes_deployment.service_deployment"
          ]
        }
      ]
    },
    {
      "module": "module.azure-storage-microservice",
      "mode": "managed",
      "type": "null_resource",
      "name": "docker_build",
      "provider": "provider[\"registry.terraform.io/hashicorp/null\"]",
      "instances": [
        {
          "status": "tainted",
          "schema_version": 0,
          "attributes": {
            "id": "9009546232499812211",
            "triggers": {
              "always_run": "2023-02-17T15:55:55Z"
            }
          },
          "sensitive_attributes": [],
          "private": "bnVsbA==",
          "dependencies": [
            "azurerm_container_registry.container_registry"
          ]
        }
      ]
    },
    {
      "module": "module.gateway-microservice",
      "mode": "managed",
      "type": "kubernetes_deployment",
      "name": "service_deployment",
      "provider": "provider[\"registry.terraform.io/hashicorp/kubernetes\"]",
      "instances": []
    },
    {
      "module": "module.gateway-microservice",
      "mode": "managed",
      "type": "kubernetes_secret",
      "name": "docker_credentials",
      "provider": "provider[\"registry.terraform.io/hashicorp/kubernetes\"]",
      "instances": [
        {
          "schema_version": 0,
          "attributes": {
            "data": {
              ".dockerconfigjson": "{\"auths\":{\"peerasuflixtube.azurecr.io\":{\"auth\":\"cGVlcmFzdWZsaXh0dWJlOncxQjlaM2EzUFVrdE5NVzJRTFpOQ0tRS3lIdTFpWk15bWZkVm9BRUtWSCtBQ1JESW80K1o=\"}}}"
            },
            "id": "default/gateway-docker-credentials",
            "metadata": [
              {
                "annotations": {},
                "generate_name": "",
                "generation": 0,
                "labels": {},
                "name": "gateway-docker-credentials",
                "namespace": "default",
                "resource_version": "1189",
                "self_link": "",
                "uid": "b4452812-3898-404a-b4dd-e997811fe9f2"
              }
            ],
            "type": "kubernetes.io/dockerconfigjson"
          },
          "sensitive_attributes": [
            [
              {
                "type": "get_attr",
                "value": "data"
              },
              {
                "type": "index",
                "value": {
                  "value": ".dockerconfigjson",
                  "type": "string"
                }
              }
            ]
          ],
          "private": "bnVsbA==",
          "dependencies": [
            "azurerm_container_registry.container_registry",
            "azurerm_kubernetes_cluster.cluster",
            "azurerm_resource_group.flixtube",
            "tls_private_key.key"
          ]
        }
      ]
    },
    {
      "module": "module.gateway-microservice",
      "mode": "managed",
      "type": "kubernetes_service",
      "name": "service",
      "provider": "provider[\"registry.terraform.io/hashicorp/kubernetes\"]",
      "instances": []
    },
    {
      "module": "module.gateway-microservice",
      "mode": "managed",
      "type": "null_resource",
      "name": "docker_build",
      "provider": "provider[\"registry.terraform.io/hashicorp/null\"]",
      "instances": [
        {
          "status": "tainted",
          "schema_version": 0,
          "attributes": {
            "id": "7173252229106854248",
            "triggers": {
              "always_run": "2023-02-17T15:55:55Z"
            }
          },
          "sensitive_attributes": [],
          "private": "bnVsbA==",
          "dependencies": [
            "azurerm_container_registry.container_registry"
          ]
        }
      ]
    },
    {
      "module": "module.gateway-microservice",
      "mode": "managed",
      "type": "null_resource",
      "name": "docker_push",
      "provider": "provider[\"registry.terraform.io/hashicorp/null\"]",
      "instances": []
    },
    {
      "module": "module.history-microservice",
      "mode": "managed",
      "type": "kubernetes_deployment",
      "name": "service_deployment",
      "provider": "provider[\"registry.terraform.io/hashicorp/kubernetes\"]",
      "instances": []
    },
    {
      "module": "module.history-microservice",
      "mode": "managed",
      "type": "kubernetes_secret",
      "name": "docker_credentials",
      "provider": "provider[\"registry.terraform.io/hashicorp/kubernetes\"]",
      "instances": [
        {
          "schema_version": 0,
          "attributes": {
            "data": {
              ".dockerconfigjson": "{\"auths\":{\"peerasuflixtube.azurecr.io\":{\"auth\":\"cGVlcmFzdWZsaXh0dWJlOncxQjlaM2EzUFVrdE5NVzJRTFpOQ0tRS3lIdTFpWk15bWZkVm9BRUtWSCtBQ1JESW80K1o=\"}}}"
            },
            "id": "default/history-docker-credentials",
            "metadata": [
              {
                "annotations": {},
                "generate_name": "",
                "generation": 0,
                "labels": {},
                "name": "history-docker-credentials",
                "namespace": "default",
                "resource_version": "1194",
                "self_link": "",
                "uid": "e81516bc-8e0d-4019-97e7-31e19a8bd2ec"
              }
            ],
            "type": "kubernetes.io/dockerconfigjson"
          },
          "sensitive_attributes": [
            [
              {
                "type": "get_attr",
                "value": "data"
              },
              {
                "type": "index",
                "value": {
                  "value": ".dockerconfigjson",
                  "type": "string"
                }
              }
            ]
          ],
          "private": "bnVsbA==",
          "dependencies": [
            "azurerm_container_registry.container_registry",
            "azurerm_kubernetes_cluster.cluster",
            "azurerm_resource_group.flixtube",
            "tls_private_key.key"
          ]
        }
      ]
    },
    {
      "module": "module.history-microservice",
      "mode": "managed",
      "type": "kubernetes_service",
      "name": "service",
      "provider": "provider[\"registry.terraform.io/hashicorp/kubernetes\"]",
      "instances": []
    },
    {
      "module": "module.history-microservice",
      "mode": "managed",
      "type": "null_resource",
      "name": "docker_build",
      "provider": "provider[\"registry.terraform.io/hashicorp/null\"]",
      "instances": [
        {
          "status": "tainted",
          "schema_version": 0,
          "attributes": {
            "id": "7997442195839563006",
            "triggers": {
              "always_run": "2023-02-17T15:55:55Z"
            }
          },
          "sensitive_attributes": [],
          "private": "bnVsbA==",
          "dependencies": [
            "azurerm_container_registry.container_registry"
          ]
        }
      ]
    },
    {
      "module": "module.history-microservice",
      "mode": "managed",
      "type": "null_resource",
      "name": "docker_push",
      "provider": "provider[\"registry.terraform.io/hashicorp/null\"]",
      "instances": []
    },
    {
      "module": "module.metadata-microservice",
      "mode": "managed",
      "type": "kubernetes_deployment",
      "name": "service_deployment",
      "provider": "provider[\"registry.terraform.io/hashicorp/kubernetes\"]",
      "instances": [
        {
          "schema_version": 0,
          "attributes": {
            "id": "default/metadata",
            "metadata": [
              {
                "annotations": {},
                "generate_name": "",
                "generation": 1,
                "labels": {
                  "pod": "metadata"
                },
                "name": "metadata",
                "namespace": "default",
                "resource_version": "1605",
                "self_link": "",
                "uid": "d639d8ea-2718-4ba5-ae05-cd08bb5d9e3b"
              }
            ],
            "spec": [
              {
                "min_ready_seconds": 0,
                "paused": false,
                "progress_deadline_seconds": 600,
                "replicas": 1,
                "revision_history_limit": 10,
                "selector": [
                  {
                    "match_expressions": [],
                    "match_labels": {
                      "pod": "metadata"
                    }
                  }
                ],
                "strategy": [
                  {
                    "rolling_update": [
                      {
                        "max_surge": "25%",
                        "max_unavailable": "25%"
                      }
                    ],
                    "type": "RollingUpdate"
                  }
                ],
                "template": [
                  {
                    "metadata": [
                      {
                        "annotations": {},
                        "generate_name": "",
                        "generation": 0,
                        "labels": {
                          "pod": "metadata"
                        },
                        "name": "",
                        "namespace": "",
                        "resource_version": "",
                        "self_link": "",
                        "uid": ""
                      }
                    ],
                    "spec": [
                      {
                        "active_deadline_seconds": 0,
                        "affinity": [],
                        "automount_service_account_token": false,
                        "container": [
                          {
                            "args": [],
                            "command": [],
                            "env": [
                              {
                                "name": "PORT",
                                "value": "80",
                                "value_from": []
                              },
                              {
                                "name": "DBHOST",
                                "value": "mongodb://db:27017",
                                "value_from": []
                              },
                              {
                                "name": "DBNAME",
                                "value": "metadata",
                                "value_from": []
                              },
                              {
                                "name": "RABBIT",
                                "value": "amqp://guest:guest@rabbit:5672",
                                "value_from": []
                              }
                            ],
                            "env_from": [],
                            "image": "peerasuflixtube.azurecr.io/metadata:1",
                            "image_pull_policy": "IfNotPresent",
                            "lifecycle": [],
                            "liveness_probe": [],
                            "name": "metadata",
                            "port": [],
                            "readiness_probe": [],
                            "resources": [
                              {
                                "limits": [],
                                "requests": []
                              }
                            ],
                            "security_context": [],
                            "stdin": false,
                            "stdin_once": false,
                            "termination_message_path": "/dev/termination-log",
                            "tty": false,
                            "volume_mount": [],
                            "working_dir": ""
                          }
                        ],
                        "dns_config": [],
                        "dns_policy": "ClusterFirst",
                        "host_aliases": [],
                        "host_ipc": false,
                        "host_network": false,
                        "host_pid": false,
                        "hostname": "",
                        "image_pull_secrets": [
                          {
                            "name": "metadata-docker-credentials"
                          }
                        ],
                        "init_container": [],
                        "node_name": "",
                        "node_selector": {},
                        "priority_class_name": "",
                        "restart_policy": "Always",
                        "security_context": [],
                        "service_account_name": "",
                        "share_process_namespace": false,
                        "subdomain": "",
                        "termination_grace_period_seconds": 30,
                        "toleration": [],
                        "volume": []
                      }
                    ]
                  }
                ]
              }
            ],
            "timeouts": null
          },
          "sensitive_attributes": [],
          "private": "eyJlMmJmYjczMC1lY2FhLTExZTYtOGY4OC0zNDM2M2JjN2M0YzAiOnsiY3JlYXRlIjo2MDAwMDAwMDAwMDAsImRlbGV0ZSI6NjAwMDAwMDAwMDAwLCJ1cGRhdGUiOjYwMDAwMDAwMDAwMH19",
          "dependencies": [
            "azurerm_container_registry.container_registry",
            "azurerm_kubernetes_cluster.cluster",
            "azurerm_resource_group.flixtube",
            "module.metadata-microservice.kubernetes_secret.docker_credentials",
            "module.metadata-microservice.null_resource.docker_build",
            "module.metadata-microservice.null_resource.docker_login",
            "module.metadata-microservice.null_resource.docker_push",
            "tls_private_key.key"
          ]
        }
      ]
    },
    {
      "module": "module.metadata-microservice",
      "mode": "managed",
      "type": "kubernetes_secret",
      "name": "docker_credentials",
      "provider": "provider[\"registry.terraform.io/hashicorp/kubernetes\"]",
      "instances": [
        {
          "schema_version": 0,
          "attributes": {
            "data": {
              ".dockerconfigjson": "{\"auths\":{\"peerasuflixtube.azurecr.io\":{\"auth\":\"cGVlcmFzdWZsaXh0dWJlOncxQjlaM2EzUFVrdE5NVzJRTFpOQ0tRS3lIdTFpWk15bWZkVm9BRUtWSCtBQ1JESW80K1o=\"}}}"
            },
            "id": "default/metadata-docker-credentials",
            "metadata": [
              {
                "annotations": {},
                "generate_name": "",
                "generation": 0,
                "labels": {},
                "name": "metadata-docker-credentials",
                "namespace": "default",
                "resource_version": "1193",
                "self_link": "",
                "uid": "51a4d598-e292-43fd-9237-c9dbfb4765c6"
              }
            ],
            "type": "kubernetes.io/dockerconfigjson"
          },
          "sensitive_attributes": [
            [
              {
                "type": "get_attr",
                "value": "data"
              },
              {
                "type": "index",
                "value": {
                  "value": ".dockerconfigjson",
                  "type": "string"
                }
              }
            ]
          ],
          "private": "bnVsbA==",
          "dependencies": [
            "azurerm_container_registry.container_registry",
            "azurerm_kubernetes_cluster.cluster",
            "azurerm_resource_group.flixtube",
            "tls_private_key.key"
          ]
        }
      ]
    },
    {
      "module": "module.metadata-microservice",
      "mode": "managed",
      "type": "kubernetes_service",
      "name": "service",
      "provider": "provider[\"registry.terraform.io/hashicorp/kubernetes\"]",
      "instances": [
        {
          "schema_version": 0,
          "attributes": {
            "id": "default/metadata",
            "load_balancer_ingress": [],
            "metadata": [
              {
                "annotations": {},
                "generate_name": "",
                "generation": 0,
                "labels": {},
                "name": "metadata",
                "namespace": "default",
                "resource_version": "1634",
                "self_link": "",
                "uid": "eda2869f-65d0-4dc2-9e41-28e95d8f850f"
              }
            ],
            "spec": [
              {
                "cluster_ip": "10.0.71.125",
                "external_ips": [],
                "external_name": "",
                "external_traffic_policy": "",
                "load_balancer_ip": "",
                "load_balancer_source_ranges": [],
                "port": [
                  {
                    "name": "",
                    "node_port": 0,
                    "port": 80,
                    "protocol": "TCP",
                    "target_port": "80"
                  }
                ],
                "publish_not_ready_addresses": false,
                "selector": {
                  "pod": "metadata"
                },
                "session_affinity": "None",
                "type": "ClusterIP"
              }
            ],
            "timeouts": null
          },
          "sensitive_attributes": [],
          "private": "eyJlMmJmYjczMC1lY2FhLTExZTYtOGY4OC0zNDM2M2JjN2M0YzAiOnsiY3JlYXRlIjo2MDAwMDAwMDAwMDB9fQ==",
          "dependencies": [
            "azurerm_kubernetes_cluster.cluster",
            "module.metadata-microservice.kubernetes_deployment.service_deployment"
          ]
        }
      ]
    },
    {
      "module": "module.metadata-microservice",
      "mode": "managed",
      "type": "null_resource",
      "name": "docker_build",
      "provider": "provider[\"registry.terraform.io/hashicorp/null\"]",
      "instances": [
        {
          "status": "tainted",
          "schema_version": 0,
          "attributes": {
            "id": "7694805053382674478",
            "triggers": {
              "always_run": "2023-02-17T15:55:55Z"
            }
          },
          "sensitive_attributes": [],
          "private": "bnVsbA==",
          "dependencies": [
            "azurerm_container_registry.container_registry"
          ]
        }
      ]
    },
    {
      "module": "module.video-streaming-microservice",
      "mode": "managed",
      "type": "kubernetes_deployment",
      "name": "service_deployment",
      "provider": "provider[\"registry.terraform.io/hashicorp/kubernetes\"]",
      "instances": []
    },
    {
      "module": "module.video-streaming-microservice",
      "mode": "managed",
      "type": "kubernetes_secret",
      "name": "docker_credentials",
      "provider": "provider[\"registry.terraform.io/hashicorp/kubernetes\"]",
      "instances": [
        {
          "schema_version": 0,
          "attributes": {
            "data": {
              ".dockerconfigjson": "{\"auths\":{\"peerasuflixtube.azurecr.io\":{\"auth\":\"cGVlcmFzdWZsaXh0dWJlOncxQjlaM2EzUFVrdE5NVzJRTFpOQ0tRS3lIdTFpWk15bWZkVm9BRUtWSCtBQ1JESW80K1o=\"}}}"
            },
            "id": "default/video-streaming-docker-credentials",
            "metadata": [
              {
                "annotations": {},
                "generate_name": "",
                "generation": 0,
                "labels": {},
                "name": "video-streaming-docker-credentials",
                "namespace": "default",
                "resource_version": "1195",
                "self_link": "",
                "uid": "fffc3219-e39d-4b71-95d3-a01de8629314"
              }
            ],
            "type": "kubernetes.io/dockerconfigjson"
          },
          "sensitive_attributes": [
            [
              {
                "type": "get_attr",
                "value": "data"
              },
              {
                "type": "index",
                "value": {
                  "value": ".dockerconfigjson",
                  "type": "string"
                }
              }
            ]
          ],
          "private": "bnVsbA==",
          "dependencies": [
            "azurerm_container_registry.container_registry",
            "azurerm_kubernetes_cluster.cluster",
            "azurerm_resource_group.flixtube",
            "tls_private_key.key"
          ]
        }
      ]
    },
    {
      "module": "module.video-streaming-microservice",
      "mode": "managed",
      "type": "kubernetes_service",
      "name": "service",
      "provider": "provider[\"registry.terraform.io/hashicorp/kubernetes\"]",
      "instances": []
    },
    {
      "module": "module.video-streaming-microservice",
      "mode": "managed",
      "type": "null_resource",
      "name": "docker_build",
      "provider": "provider[\"registry.terraform.io/hashicorp/null\"]",
      "instances": [
        {
          "status": "tainted",
          "schema_version": 0,
          "attributes": {
            "id": "5553907730980531123",
            "triggers": {
              "always_run": "2023-02-17T15:55:55Z"
            }
          },
          "sensitive_attributes": [],
          "private": "bnVsbA==",
          "dependencies": [
            "azurerm_container_registry.container_registry"
          ]
        }
      ]
    },
    {
      "module": "module.video-streaming-microservice",
      "mode": "managed",
      "type": "null_resource",
      "name": "docker_push",
      "provider": "provider[\"registry.terraform.io/hashicorp/null\"]",
      "instances": []
    },
    {
      "module": "module.video-upload-microservice",
      "mode": "managed",
      "type": "kubernetes_deployment",
      "name": "service_deployment",
      "provider": "provider[\"registry.terraform.io/hashicorp/kubernetes\"]",
      "instances": [
        {
          "schema_version": 0,
          "attributes": {
            "id": "default/video-upload",
            "metadata": [
              {
                "annotations": {},
                "generate_name": "",
                "generation": 1,
                "labels": {
                  "pod": "video-upload"
                },
                "name": "video-upload",
                "namespace": "default",
                "resource_version": "1574",
                "self_link": "",
                "uid": "dfd40e3e-516d-461c-a13d-be86c44d72cb"
              }
            ],
            "spec": [
              {
                "min_ready_seconds": 0,
                "paused": false,
                "progress_deadline_seconds": 600,
                "replicas": 1,
                "revision_history_limit": 10,
                "selector": [
                  {
                    "match_expressions": [],
                    "match_labels": {
                      "pod": "video-upload"
                    }
                  }
                ],
                "strategy": [
                  {
                    "rolling_update": [
                      {
                        "max_surge": "25%",
                        "max_unavailable": "25%"
                      }
                    ],
                    "type": "RollingUpdate"
                  }
                ],
                "template": [
                  {
                    "metadata": [
                      {
                        "annotations": {},
                        "generate_name": "",
                        "generation": 0,
                        "labels": {
                          "pod": "video-upload"
                        },
                        "name": "",
                        "namespace": "",
                        "resource_version": "",
                        "self_link": "",
                        "uid": ""
                      }
                    ],
                    "spec": [
                      {
                        "active_deadline_seconds": 0,
                        "affinity": [],
                        "automount_service_account_token": false,
                        "container": [
                          {
                            "args": [],
                            "command": [],
                            "env": [
                              {
                                "name": "PORT",
                                "value": "80",
                                "value_from": []
                              },
                              {
                                "name": "RABBIT",
                                "value": "amqp://guest:guest@rabbit:5672",
                                "value_from": []
                              }
                            ],
                            "env_from": [],
                            "image": "peerasuflixtube.azurecr.io/video-upload:1",
                            "image_pull_policy": "IfNotPresent",
                            "lifecycle": [],
                            "liveness_probe": [],
                            "name": "video-upload",
                            "port": [],
                            "readiness_probe": [],
                            "resources": [
                              {
                                "limits": [],
                                "requests": []
                              }
                            ],
                            "security_context": [],
                            "stdin": false,
                            "stdin_once": false,
                            "termination_message_path": "/dev/termination-log",
                            "tty": false,
                            "volume_mount": [],
                            "working_dir": ""
                          }
                        ],
                        "dns_config": [],
                        "dns_policy": "ClusterFirst",
                        "host_aliases": [],
                        "host_ipc": false,
                        "host_network": false,
                        "host_pid": false,
                        "hostname": "",
                        "image_pull_secrets": [
                          {
                            "name": "video-upload-docker-credentials"
                          }
                        ],
                        "init_container": [],
                        "node_name": "",
                        "node_selector": {},
                        "priority_class_name": "",
                        "restart_policy": "Always",
                        "security_context": [],
                        "service_account_name": "",
                        "share_process_namespace": false,
                        "subdomain": "",
                        "termination_grace_period_seconds": 30,
                        "toleration": [],
                        "volume": []
                      }
                    ]
                  }
                ]
              }
            ],
            "timeouts": null
          },
          "sensitive_attributes": [],
          "private": "eyJlMmJmYjczMC1lY2FhLTExZTYtOGY4OC0zNDM2M2JjN2M0YzAiOnsiY3JlYXRlIjo2MDAwMDAwMDAwMDAsImRlbGV0ZSI6NjAwMDAwMDAwMDAwLCJ1cGRhdGUiOjYwMDAwMDAwMDAwMH19",
          "dependencies": [
            "azurerm_container_registry.container_registry",
            "azurerm_kubernetes_cluster.cluster",
            "azurerm_resource_group.flixtube",
            "module.video-upload-microservice.kubernetes_secret.docker_credentials",
            "module.video-upload-microservice.null_resource.docker_build",
            "module.video-upload-microservice.null_resource.docker_login",
            "module.video-upload-microservice.null_resource.docker_push",
            "tls_private_key.key"
          ]
        }
      ]
    },
    {
      "module": "module.video-upload-microservice",
      "mode": "managed",
      "type": "kubernetes_secret",
      "name": "docker_credentials",
      "provider": "provider[\"registry.terraform.io/hashicorp/kubernetes\"]",
      "instances": [
        {
          "schema_version": 0,
          "attributes": {
            "data": {
              ".dockerconfigjson": "{\"auths\":{\"peerasuflixtube.azurecr.io\":{\"auth\":\"cGVlcmFzdWZsaXh0dWJlOncxQjlaM2EzUFVrdE5NVzJRTFpOQ0tRS3lIdTFpWk15bWZkVm9BRUtWSCtBQ1JESW80K1o=\"}}}"
            },
            "id": "default/video-upload-docker-credentials",
            "metadata": [
              {
                "annotations": {},
                "generate_name": "",
                "generation": 0,
                "labels": {},
                "name": "video-upload-docker-credentials",
                "namespace": "default",
                "resource_version": "1192",
                "self_link": "",
                "uid": "761516f5-a1d9-4db6-b656-59002b61bc96"
              }
            ],
            "type": "kubernetes.io/dockerconfigjson"
          },
          "sensitive_attributes": [
            [
              {
                "type": "get_attr",
                "value": "data"
              },
              {
                "type": "index",
                "value": {
                  "value": ".dockerconfigjson",
                  "type": "string"
                }
              }
            ]
          ],
          "private": "bnVsbA==",
          "dependencies": [
            "azurerm_container_registry.container_registry",
            "azurerm_kubernetes_cluster.cluster",
            "azurerm_resource_group.flixtube",
            "tls_private_key.key"
          ]
        }
      ]
    },
    {
      "module": "module.video-upload-microservice",
      "mode": "managed",
      "type": "kubernetes_service",
      "name": "service",
      "provider": "provider[\"registry.terraform.io/hashicorp/kubernetes\"]",
      "instances": [
        {
          "schema_version": 0,
          "attributes": {
            "id": "default/video-upload",
            "load_balancer_ingress": [],
            "metadata": [
              {
                "annotations": {},
                "generate_name": "",
                "generation": 0,
                "labels": {},
                "name": "video-upload",
                "namespace": "default",
                "resource_version": "1630",
                "self_link": "",
                "uid": "0876f010-bfee-4638-a29d-54a317b3b5c8"
              }
            ],
            "spec": [
              {
                "cluster_ip": "10.0.213.234",
                "external_ips": [],
                "external_name": "",
                "external_traffic_policy": "",
                "load_balancer_ip": "",
                "load_balancer_source_ranges": [],
                "port": [
                  {
                    "name": "",
                    "node_port": 0,
                    "port": 80,
                    "protocol": "TCP",
                    "target_port": "80"
                  }
                ],
                "publish_not_ready_addresses": false,
                "selector": {
                  "pod": "video-upload"
                },
                "session_affinity": "None",
                "type": "ClusterIP"
              }
            ],
            "timeouts": null
          },
          "sensitive_attributes": [],
          "private": "eyJlMmJmYjczMC1lY2FhLTExZTYtOGY4OC0zNDM2M2JjN2M0YzAiOnsiY3JlYXRlIjo2MDAwMDAwMDAwMDB9fQ==",
          "dependencies": [
            "azurerm_kubernetes_cluster.cluster",
            "module.video-upload-microservice.kubernetes_deployment.service_deployment"
          ]
        }
      ]
    },
    {
      "module": "module.video-upload-microservice",
      "mode": "managed",
      "type": "null_resource",
      "name": "docker_build",
      "provider": "provider[\"registry.terraform.io/hashicorp/null\"]",
      "instances": [
        {
          "status": "tainted",
          "schema_version": 0,
          "attributes": {
            "id": "3295969949286649247",
            "triggers": {
              "always_run": "2023-02-17T15:55:55Z"
            }
          },
          "sensitive_attributes": [],
          "private": "bnVsbA==",
          "dependencies": [
            "azurerm_container_registry.container_registry"
          ]
        }
      ]
    }
  ],
  "check_results": null
}
